// !$*UTF8*$!
{
	archiveVersion = 1;
	classes = {
	};
	objectVersion = 56;
	objects = {

/* Begin PBXBuildFile section */
		5902DF5829E0D08E005046C6 /* FlagsViewModel.swift in Sources */ = {isa = PBXBuildFile; fileRef = 5902DF5729E0D08E005046C6 /* FlagsViewModel.swift */; };
		5902DF5A29E0D0C1005046C6 /* FlagsView.swift in Sources */ = {isa = PBXBuildFile; fileRef = 5902DF5929E0D0C1005046C6 /* FlagsView.swift */; };
		5902DF5E29E0D4AA005046C6 /* Colors.swift in Sources */ = {isa = PBXBuildFile; fileRef = 5902DF5D29E0D4AA005046C6 /* Colors.swift */; };
		5902DF6229E0E3DA005046C6 /* FlagsRouter.swift in Sources */ = {isa = PBXBuildFile; fileRef = 5902DF6129E0E3D9005046C6 /* FlagsRouter.swift */; };
		5902DF6429E0EC91005046C6 /* QuestionItemModel.swift in Sources */ = {isa = PBXBuildFile; fileRef = 5902DF6329E0EC91005046C6 /* QuestionItemModel.swift */; };
		5902DF6629E16278005046C6 /* Loader.swift in Sources */ = {isa = PBXBuildFile; fileRef = 5902DF6529E16278005046C6 /* Loader.swift */; };
		594EEB7629D636AE006F6AC7 /* MenuScreenTests.swift in Sources */ = {isa = PBXBuildFile; fileRef = 594EEB7529D636AE006F6AC7 /* MenuScreenTests.swift */; };
		594EEB7A29D63793006F6AC7 /* Difficulties.swift in Sources */ = {isa = PBXBuildFile; fileRef = 594EEB7929D63793006F6AC7 /* Difficulties.swift */; };
		594EEB7C29D63A38006F6AC7 /* MenuViewModel.swift in Sources */ = {isa = PBXBuildFile; fileRef = 594EEB7B29D63A38006F6AC7 /* MenuViewModel.swift */; };
		594EEB7E29D63BEC006F6AC7 /* MenuViewModelProtocol.swift in Sources */ = {isa = PBXBuildFile; fileRef = 594EEB7D29D63BEC006F6AC7 /* MenuViewModelProtocol.swift */; };
		594EEB8129D63CB4006F6AC7 /* MenuView.swift in Sources */ = {isa = PBXBuildFile; fileRef = 594EEB8029D63CB4006F6AC7 /* MenuView.swift */; };
		5994C3D429DCCD65003F384F /* FlagsScreenTests.swift in Sources */ = {isa = PBXBuildFile; fileRef = 5994C3D329DCCD65003F384F /* FlagsScreenTests.swift */; };
		5994C3D829DCD2E8003F384F /* MenuRouter.swift in Sources */ = {isa = PBXBuildFile; fileRef = 5994C3D729DCD2E8003F384F /* MenuRouter.swift */; };
		59F9D1C129C3D014002374E2 /* ezQuizApp.swift in Sources */ = {isa = PBXBuildFile; fileRef = 59F9D1C029C3D014002374E2 /* ezQuizApp.swift */; };
		59F9D1C329C3D014002374E2 /* ContentView.swift in Sources */ = {isa = PBXBuildFile; fileRef = 59F9D1C229C3D014002374E2 /* ContentView.swift */; };
		59F9D1C529C3D01B002374E2 /* Assets.xcassets in Resources */ = {isa = PBXBuildFile; fileRef = 59F9D1C429C3D01B002374E2 /* Assets.xcassets */; };
		59F9D1C829C3D01B002374E2 /* Preview Assets.xcassets in Resources */ = {isa = PBXBuildFile; fileRef = 59F9D1C729C3D01B002374E2 /* Preview Assets.xcassets */; };
		59F9D1D229C3D01C002374E2 /* ezQuizTests.swift in Sources */ = {isa = PBXBuildFile; fileRef = 59F9D1D129C3D01C002374E2 /* ezQuizTests.swift */; };
		59F9D1DC29C3D01D002374E2 /* ezQuizUITests.swift in Sources */ = {isa = PBXBuildFile; fileRef = 59F9D1DB29C3D01D002374E2 /* ezQuizUITests.swift */; };
		59F9D1DE29C3D01D002374E2 /* ezQuizUITestsLaunchTests.swift in Sources */ = {isa = PBXBuildFile; fileRef = 59F9D1DD29C3D01D002374E2 /* ezQuizUITestsLaunchTests.swift */; };
/* End PBXBuildFile section */

/* Begin PBXContainerItemProxy section */
		59F9D1CE29C3D01C002374E2 /* PBXContainerItemProxy */ = {
			isa = PBXContainerItemProxy;
			containerPortal = 59F9D1B529C3D013002374E2 /* Project object */;
			proxyType = 1;
			remoteGlobalIDString = 59F9D1BC29C3D013002374E2;
			remoteInfo = ezQuiz;
		};
		59F9D1D829C3D01C002374E2 /* PBXContainerItemProxy */ = {
			isa = PBXContainerItemProxy;
			containerPortal = 59F9D1B529C3D013002374E2 /* Project object */;
			proxyType = 1;
			remoteGlobalIDString = 59F9D1BC29C3D013002374E2;
			remoteInfo = ezQuiz;
		};
/* End PBXContainerItemProxy section */

/* Begin PBXFileReference section */
		5902DF5729E0D08E005046C6 /* FlagsViewModel.swift */ = {isa = PBXFileReference; lastKnownFileType = sourcecode.swift; path = FlagsViewModel.swift; sourceTree = "<group>"; };
		5902DF5929E0D0C1005046C6 /* FlagsView.swift */ = {isa = PBXFileReference; lastKnownFileType = sourcecode.swift; path = FlagsView.swift; sourceTree = "<group>"; };
		5902DF5D29E0D4AA005046C6 /* Colors.swift */ = {isa = PBXFileReference; lastKnownFileType = sourcecode.swift; path = Colors.swift; sourceTree = "<group>"; };
		5902DF6129E0E3D9005046C6 /* FlagsRouter.swift */ = {isa = PBXFileReference; lastKnownFileType = sourcecode.swift; path = FlagsRouter.swift; sourceTree = "<group>"; };
		5902DF6329E0EC91005046C6 /* QuestionItemModel.swift */ = {isa = PBXFileReference; lastKnownFileType = sourcecode.swift; path = QuestionItemModel.swift; sourceTree = "<group>"; };
		5902DF6529E16278005046C6 /* Loader.swift */ = {isa = PBXFileReference; lastKnownFileType = sourcecode.swift; path = Loader.swift; sourceTree = "<group>"; };
		594EEB7529D636AE006F6AC7 /* MenuScreenTests.swift */ = {isa = PBXFileReference; lastKnownFileType = sourcecode.swift; path = MenuScreenTests.swift; sourceTree = "<group>"; };
		594EEB7929D63793006F6AC7 /* Difficulties.swift */ = {isa = PBXFileReference; lastKnownFileType = sourcecode.swift; path = Difficulties.swift; sourceTree = "<group>"; };
		594EEB7B29D63A38006F6AC7 /* MenuViewModel.swift */ = {isa = PBXFileReference; lastKnownFileType = sourcecode.swift; path = MenuViewModel.swift; sourceTree = "<group>"; };
		594EEB7D29D63BEC006F6AC7 /* MenuViewModelProtocol.swift */ = {isa = PBXFileReference; lastKnownFileType = sourcecode.swift; path = MenuViewModelProtocol.swift; sourceTree = "<group>"; };
		594EEB8029D63CB4006F6AC7 /* MenuView.swift */ = {isa = PBXFileReference; lastKnownFileType = sourcecode.swift; path = MenuView.swift; sourceTree = "<group>"; };
		5994C3D329DCCD65003F384F /* FlagsScreenTests.swift */ = {isa = PBXFileReference; lastKnownFileType = sourcecode.swift; path = FlagsScreenTests.swift; sourceTree = "<group>"; };
		5994C3D729DCD2E8003F384F /* MenuRouter.swift */ = {isa = PBXFileReference; lastKnownFileType = sourcecode.swift; path = MenuRouter.swift; sourceTree = "<group>"; };
		59F9D1BD29C3D014002374E2 /* ezQuiz.app */ = {isa = PBXFileReference; explicitFileType = wrapper.application; includeInIndex = 0; path = ezQuiz.app; sourceTree = BUILT_PRODUCTS_DIR; };
		59F9D1C029C3D014002374E2 /* ezQuizApp.swift */ = {isa = PBXFileReference; lastKnownFileType = sourcecode.swift; path = ezQuizApp.swift; sourceTree = "<group>"; };
		59F9D1C229C3D014002374E2 /* ContentView.swift */ = {isa = PBXFileReference; lastKnownFileType = sourcecode.swift; path = ContentView.swift; sourceTree = "<group>"; };
		59F9D1C429C3D01B002374E2 /* Assets.xcassets */ = {isa = PBXFileReference; lastKnownFileType = folder.assetcatalog; path = Assets.xcassets; sourceTree = "<group>"; };
		59F9D1C729C3D01B002374E2 /* Preview Assets.xcassets */ = {isa = PBXFileReference; lastKnownFileType = folder.assetcatalog; path = "Preview Assets.xcassets"; sourceTree = "<group>"; };
		59F9D1CD29C3D01C002374E2 /* ezQuizTests.xctest */ = {isa = PBXFileReference; explicitFileType = wrapper.cfbundle; includeInIndex = 0; path = ezQuizTests.xctest; sourceTree = BUILT_PRODUCTS_DIR; };
		59F9D1D129C3D01C002374E2 /* ezQuizTests.swift */ = {isa = PBXFileReference; lastKnownFileType = sourcecode.swift; path = ezQuizTests.swift; sourceTree = "<group>"; };
		59F9D1D729C3D01C002374E2 /* ezQuizUITests.xctest */ = {isa = PBXFileReference; explicitFileType = wrapper.cfbundle; includeInIndex = 0; path = ezQuizUITests.xctest; sourceTree = BUILT_PRODUCTS_DIR; };
		59F9D1DB29C3D01D002374E2 /* ezQuizUITests.swift */ = {isa = PBXFileReference; lastKnownFileType = sourcecode.swift; path = ezQuizUITests.swift; sourceTree = "<group>"; };
		59F9D1DD29C3D01D002374E2 /* ezQuizUITestsLaunchTests.swift */ = {isa = PBXFileReference; lastKnownFileType = sourcecode.swift; path = ezQuizUITestsLaunchTests.swift; sourceTree = "<group>"; };
/* End PBXFileReference section */

/* Begin PBXFrameworksBuildPhase section */
		59F9D1BA29C3D013002374E2 /* Frameworks */ = {
			isa = PBXFrameworksBuildPhase;
			buildActionMask = 2147483647;
			files = (
			);
			runOnlyForDeploymentPostprocessing = 0;
		};
		59F9D1CA29C3D01C002374E2 /* Frameworks */ = {
			isa = PBXFrameworksBuildPhase;
			buildActionMask = 2147483647;
			files = (
			);
			runOnlyForDeploymentPostprocessing = 0;
		};
		59F9D1D429C3D01C002374E2 /* Frameworks */ = {
			isa = PBXFrameworksBuildPhase;
			buildActionMask = 2147483647;
			files = (
			);
			runOnlyForDeploymentPostprocessing = 0;
		};
/* End PBXFrameworksBuildPhase section */

/* Begin PBXGroup section */
		5902DF5629E0D072005046C6 /* Views */ = {
			isa = PBXGroup;
			children = (
				5902DF5929E0D0C1005046C6 /* FlagsView.swift */,
			);
			path = Views;
			sourceTree = "<group>";
		};
		5902DF5B29E0D480005046C6 /* Helpers */ = {
			isa = PBXGroup;
			children = (
				5902DF5F29E0E21F005046C6 /* Network */,
				5902DF5C29E0D48F005046C6 /* Colors */,
			);
			path = Helpers;
			sourceTree = "<group>";
		};
		5902DF5C29E0D48F005046C6 /* Colors */ = {
			isa = PBXGroup;
			children = (
				5902DF5D29E0D4AA005046C6 /* Colors.swift */,
			);
			path = Colors;
			sourceTree = "<group>";
		};
		5902DF5F29E0E21F005046C6 /* Network */ = {
			isa = PBXGroup;
			children = (
				5902DF6529E16278005046C6 /* Loader.swift */,
			);
			path = Network;
			sourceTree = "<group>";
		};
		5902DF6029E0E3CC005046C6 /* Router */ = {
			isa = PBXGroup;
			children = (
				5902DF6129E0E3D9005046C6 /* FlagsRouter.swift */,
			);
			path = Router;
			sourceTree = "<group>";
		};
		594EEB7729D63775006F6AC7 /* Menu */ = {
			isa = PBXGroup;
			children = (
				5994C3D629DCD2DA003F384F /* Router */,
				5994C3D529DCD2B1003F384F /* Views */,
				594EEB7F29D63C93006F6AC7 /* ViewModels */,
				594EEB7829D6377F006F6AC7 /* Models */,
			);
			path = Menu;
			sourceTree = "<group>";
		};
		594EEB7829D6377F006F6AC7 /* Models */ = {
			isa = PBXGroup;
			children = (
				594EEB7929D63793006F6AC7 /* Difficulties.swift */,
			);
			path = Models;
			sourceTree = "<group>";
		};
		594EEB7F29D63C93006F6AC7 /* ViewModels */ = {
			isa = PBXGroup;
			children = (
				594EEB7D29D63BEC006F6AC7 /* MenuViewModelProtocol.swift */,
				594EEB7B29D63A38006F6AC7 /* MenuViewModel.swift */,
			);
			path = ViewModels;
			sourceTree = "<group>";
		};
		5994C3D529DCD2B1003F384F /* Views */ = {
			isa = PBXGroup;
			children = (
				594EEB8029D63CB4006F6AC7 /* MenuView.swift */,
			);
			path = Views;
			sourceTree = "<group>";
		};
		5994C3D629DCD2DA003F384F /* Router */ = {
			isa = PBXGroup;
			children = (
				5994C3D729DCD2E8003F384F /* MenuRouter.swift */,
			);
			path = Router;
			sourceTree = "<group>";
		};
		5994C3D929DCDA88003F384F /* Flags */ = {
			isa = PBXGroup;
			children = (
				5902DF6029E0E3CC005046C6 /* Router */,
				5902DF5629E0D072005046C6 /* Views */,
				5994C3DB29DCDA9E003F384F /* ViewModels */,
				5994C3DA29DCDA92003F384F /* Models */,
			);
			path = Flags;
			sourceTree = "<group>";
		};
		5994C3DA29DCDA92003F384F /* Models */ = {
			isa = PBXGroup;
			children = (
				5902DF6329E0EC91005046C6 /* QuestionItemModel.swift */,
			);
			path = Models;
			sourceTree = "<group>";
		};
		5994C3DB29DCDA9E003F384F /* ViewModels */ = {
			isa = PBXGroup;
			children = (
				5902DF5729E0D08E005046C6 /* FlagsViewModel.swift */,
			);
			path = ViewModels;
			sourceTree = "<group>";
		};
		59F9D1B429C3D013002374E2 = {
			isa = PBXGroup;
			children = (
				59F9D1BF29C3D014002374E2 /* ezQuiz */,
				59F9D1D029C3D01C002374E2 /* ezQuizTests */,
				59F9D1DA29C3D01D002374E2 /* ezQuizUITests */,
				59F9D1BE29C3D014002374E2 /* Products */,
			);
			sourceTree = "<group>";
		};
		59F9D1BE29C3D014002374E2 /* Products */ = {
			isa = PBXGroup;
			children = (
				59F9D1BD29C3D014002374E2 /* ezQuiz.app */,
				59F9D1CD29C3D01C002374E2 /* ezQuizTests.xctest */,
				59F9D1D729C3D01C002374E2 /* ezQuizUITests.xctest */,
			);
			name = Products;
			sourceTree = "<group>";
		};
		59F9D1BF29C3D014002374E2 /* ezQuiz */ = {
			isa = PBXGroup;
			children = (
				5902DF5B29E0D480005046C6 /* Helpers */,
				5994C3D929DCDA88003F384F /* Flags */,
				594EEB7729D63775006F6AC7 /* Menu */,
				59F9D1C029C3D014002374E2 /* ezQuizApp.swift */,
				59F9D1C229C3D014002374E2 /* ContentView.swift */,
				59F9D1C429C3D01B002374E2 /* Assets.xcassets */,
				59F9D1C629C3D01B002374E2 /* Preview Content */,
			);
			path = ezQuiz;
			sourceTree = "<group>";
		};
		59F9D1C629C3D01B002374E2 /* Preview Content */ = {
			isa = PBXGroup;
			children = (
				59F9D1C729C3D01B002374E2 /* Preview Assets.xcassets */,
			);
			path = "Preview Content";
			sourceTree = "<group>";
		};
		59F9D1D029C3D01C002374E2 /* ezQuizTests */ = {
			isa = PBXGroup;
			children = (
				59F9D1D129C3D01C002374E2 /* ezQuizTests.swift */,
				594EEB7529D636AE006F6AC7 /* MenuScreenTests.swift */,
				5994C3D329DCCD65003F384F /* FlagsScreenTests.swift */,
			);
			path = ezQuizTests;
			sourceTree = "<group>";
		};
		59F9D1DA29C3D01D002374E2 /* ezQuizUITests */ = {
			isa = PBXGroup;
			children = (
				59F9D1DB29C3D01D002374E2 /* ezQuizUITests.swift */,
				59F9D1DD29C3D01D002374E2 /* ezQuizUITestsLaunchTests.swift */,
			);
			path = ezQuizUITests;
			sourceTree = "<group>";
		};
/* End PBXGroup section */

/* Begin PBXNativeTarget section */
		59F9D1BC29C3D013002374E2 /* ezQuiz */ = {
			isa = PBXNativeTarget;
			buildConfigurationList = 59F9D1E129C3D01D002374E2 /* Build configuration list for PBXNativeTarget "ezQuiz" */;
			buildPhases = (
				59F9D1B929C3D013002374E2 /* Sources */,
				59F9D1BA29C3D013002374E2 /* Frameworks */,
				59F9D1BB29C3D013002374E2 /* Resources */,
			);
			buildRules = (
			);
			dependencies = (
			);
			name = ezQuiz;
			productName = ezQuiz;
			productReference = 59F9D1BD29C3D014002374E2 /* ezQuiz.app */;
			productType = "com.apple.product-type.application";
		};
		59F9D1CC29C3D01C002374E2 /* ezQuizTests */ = {
			isa = PBXNativeTarget;
			buildConfigurationList = 59F9D1E429C3D01D002374E2 /* Build configuration list for PBXNativeTarget "ezQuizTests" */;
			buildPhases = (
				59F9D1C929C3D01C002374E2 /* Sources */,
				59F9D1CA29C3D01C002374E2 /* Frameworks */,
				59F9D1CB29C3D01C002374E2 /* Resources */,
			);
			buildRules = (
			);
			dependencies = (
				59F9D1CF29C3D01C002374E2 /* PBXTargetDependency */,
			);
			name = ezQuizTests;
			productName = ezQuizTests;
			productReference = 59F9D1CD29C3D01C002374E2 /* ezQuizTests.xctest */;
			productType = "com.apple.product-type.bundle.unit-test";
		};
		59F9D1D629C3D01C002374E2 /* ezQuizUITests */ = {
			isa = PBXNativeTarget;
			buildConfigurationList = 59F9D1E729C3D01D002374E2 /* Build configuration list for PBXNativeTarget "ezQuizUITests" */;
			buildPhases = (
				59F9D1D329C3D01C002374E2 /* Sources */,
				59F9D1D429C3D01C002374E2 /* Frameworks */,
				59F9D1D529C3D01C002374E2 /* Resources */,
			);
			buildRules = (
			);
			dependencies = (
				59F9D1D929C3D01C002374E2 /* PBXTargetDependency */,
			);
			name = ezQuizUITests;
			productName = ezQuizUITests;
			productReference = 59F9D1D729C3D01C002374E2 /* ezQuizUITests.xctest */;
			productType = "com.apple.product-type.bundle.ui-testing";
		};
/* End PBXNativeTarget section */

/* Begin PBXProject section */
		59F9D1B529C3D013002374E2 /* Project object */ = {
			isa = PBXProject;
			attributes = {
				BuildIndependentTargetsInParallel = 1;
				LastSwiftUpdateCheck = 1420;
				LastUpgradeCheck = 1420;
				TargetAttributes = {
					59F9D1BC29C3D013002374E2 = {
						CreatedOnToolsVersion = 14.2;
					};
					59F9D1CC29C3D01C002374E2 = {
						CreatedOnToolsVersion = 14.2;
						TestTargetID = 59F9D1BC29C3D013002374E2;
					};
					59F9D1D629C3D01C002374E2 = {
						CreatedOnToolsVersion = 14.2;
						TestTargetID = 59F9D1BC29C3D013002374E2;
					};
				};
			};
			buildConfigurationList = 59F9D1B829C3D013002374E2 /* Build configuration list for PBXProject "ezQuiz" */;
			compatibilityVersion = "Xcode 14.0";
			developmentRegion = en;
			hasScannedForEncodings = 0;
			knownRegions = (
				en,
				Base,
			);
			mainGroup = 59F9D1B429C3D013002374E2;
			productRefGroup = 59F9D1BE29C3D014002374E2 /* Products */;
			projectDirPath = "";
			projectRoot = "";
			targets = (
				59F9D1BC29C3D013002374E2 /* ezQuiz */,
				59F9D1CC29C3D01C002374E2 /* ezQuizTests */,
				59F9D1D629C3D01C002374E2 /* ezQuizUITests */,
			);
		};
/* End PBXProject section */

/* Begin PBXResourcesBuildPhase section */
		59F9D1BB29C3D013002374E2 /* Resources */ = {
			isa = PBXResourcesBuildPhase;
			buildActionMask = 2147483647;
			files = (
				59F9D1C829C3D01B002374E2 /* Preview Assets.xcassets in Resources */,
				59F9D1C529C3D01B002374E2 /* Assets.xcassets in Resources */,
			);
			runOnlyForDeploymentPostprocessing = 0;
		};
		59F9D1CB29C3D01C002374E2 /* Resources */ = {
			isa = PBXResourcesBuildPhase;
			buildActionMask = 2147483647;
			files = (
			);
			runOnlyForDeploymentPostprocessing = 0;
		};
		59F9D1D529C3D01C002374E2 /* Resources */ = {
			isa = PBXResourcesBuildPhase;
			buildActionMask = 2147483647;
			files = (
			);
			runOnlyForDeploymentPostprocessing = 0;
		};
/* End PBXResourcesBuildPhase section */

/* Begin PBXSourcesBuildPhase section */
		59F9D1B929C3D013002374E2 /* Sources */ = {
			isa = PBXSourcesBuildPhase;
			buildActionMask = 2147483647;
			files = (
				5902DF5829E0D08E005046C6 /* FlagsViewModel.swift in Sources */,
				5902DF5E29E0D4AA005046C6 /* Colors.swift in Sources */,
				594EEB7A29D63793006F6AC7 /* Difficulties.swift in Sources */,
				5902DF6429E0EC91005046C6 /* QuestionItemModel.swift in Sources */,
				5994C3D829DCD2E8003F384F /* MenuRouter.swift in Sources */,
				594EEB8129D63CB4006F6AC7 /* MenuView.swift in Sources */,
				5902DF5A29E0D0C1005046C6 /* FlagsView.swift in Sources */,
				5902DF6229E0E3DA005046C6 /* FlagsRouter.swift in Sources */,
				59F9D1C329C3D014002374E2 /* ContentView.swift in Sources */,
				5902DF6629E16278005046C6 /* Loader.swift in Sources */,
				59F9D1C129C3D014002374E2 /* ezQuizApp.swift in Sources */,
				594EEB7C29D63A38006F6AC7 /* MenuViewModel.swift in Sources */,
				594EEB7E29D63BEC006F6AC7 /* MenuViewModelProtocol.swift in Sources */,
			);
			runOnlyForDeploymentPostprocessing = 0;
		};
		59F9D1C929C3D01C002374E2 /* Sources */ = {
			isa = PBXSourcesBuildPhase;
			buildActionMask = 2147483647;
			files = (
				594EEB7629D636AE006F6AC7 /* MenuScreenTests.swift in Sources */,
				5994C3D429DCCD65003F384F /* FlagsScreenTests.swift in Sources */,
				59F9D1D229C3D01C002374E2 /* ezQuizTests.swift in Sources */,
			);
			runOnlyForDeploymentPostprocessing = 0;
		};
		59F9D1D329C3D01C002374E2 /* Sources */ = {
			isa = PBXSourcesBuildPhase;
			buildActionMask = 2147483647;
			files = (
				59F9D1DE29C3D01D002374E2 /* ezQuizUITestsLaunchTests.swift in Sources */,
				59F9D1DC29C3D01D002374E2 /* ezQuizUITests.swift in Sources */,
			);
			runOnlyForDeploymentPostprocessing = 0;
		};
/* End PBXSourcesBuildPhase section */

/* Begin PBXTargetDependency section */
		59F9D1CF29C3D01C002374E2 /* PBXTargetDependency */ = {
			isa = PBXTargetDependency;
			target = 59F9D1BC29C3D013002374E2 /* ezQuiz */;
			targetProxy = 59F9D1CE29C3D01C002374E2 /* PBXContainerItemProxy */;
		};
		59F9D1D929C3D01C002374E2 /* PBXTargetDependency */ = {
			isa = PBXTargetDependency;
			target = 59F9D1BC29C3D013002374E2 /* ezQuiz */;
			targetProxy = 59F9D1D829C3D01C002374E2 /* PBXContainerItemProxy */;
		};
/* End PBXTargetDependency section */

/* Begin XCBuildConfiguration section */
		59F9D1DF29C3D01D002374E2 /* Debug */ = {
			isa = XCBuildConfiguration;
			buildSettings = {
				ALWAYS_SEARCH_USER_PATHS = NO;
				CLANG_ANALYZER_NONNULL = YES;
				CLANG_ANALYZER_NUMBER_OBJECT_CONVERSION = YES_AGGRESSIVE;
				CLANG_CXX_LANGUAGE_STANDARD = "gnu++20";
				CLANG_ENABLE_MODULES = YES;
				CLANG_ENABLE_OBJC_ARC = YES;
				CLANG_ENABLE_OBJC_WEAK = YES;
				CLANG_WARN_BLOCK_CAPTURE_AUTORELEASING = YES;
				CLANG_WARN_BOOL_CONVERSION = YES;
				CLANG_WARN_COMMA = YES;
				CLANG_WARN_CONSTANT_CONVERSION = YES;
				CLANG_WARN_DEPRECATED_OBJC_IMPLEMENTATIONS = YES;
				CLANG_WARN_DIRECT_OBJC_ISA_USAGE = YES_ERROR;
				CLANG_WARN_DOCUMENTATION_COMMENTS = YES;
				CLANG_WARN_EMPTY_BODY = YES;
				CLANG_WARN_ENUM_CONVERSION = YES;
				CLANG_WARN_INFINITE_RECURSION = YES;
				CLANG_WARN_INT_CONVERSION = YES;
				CLANG_WARN_NON_LITERAL_NULL_CONVERSION = YES;
				CLANG_WARN_OBJC_IMPLICIT_RETAIN_SELF = YES;
				CLANG_WARN_OBJC_LITERAL_CONVERSION = YES;
				CLANG_WARN_OBJC_ROOT_CLASS = YES_ERROR;
				CLANG_WARN_QUOTED_INCLUDE_IN_FRAMEWORK_HEADER = YES;
				CLANG_WARN_RANGE_LOOP_ANALYSIS = YES;
				CLANG_WARN_STRICT_PROTOTYPES = YES;
				CLANG_WARN_SUSPICIOUS_MOVE = YES;
				CLANG_WARN_UNGUARDED_AVAILABILITY = YES_AGGRESSIVE;
				CLANG_WARN_UNREACHABLE_CODE = YES;
				CLANG_WARN__DUPLICATE_METHOD_MATCH = YES;
				COPY_PHASE_STRIP = NO;
				DEBUG_INFORMATION_FORMAT = dwarf;
				ENABLE_STRICT_OBJC_MSGSEND = YES;
				ENABLE_TESTABILITY = YES;
				GCC_C_LANGUAGE_STANDARD = gnu11;
				GCC_DYNAMIC_NO_PIC = NO;
				GCC_NO_COMMON_BLOCKS = YES;
				GCC_OPTIMIZATION_LEVEL = 0;
				GCC_PREPROCESSOR_DEFINITIONS = (
					"DEBUG=1",
					"$(inherited)",
				);
				GCC_WARN_64_TO_32_BIT_CONVERSION = YES;
				GCC_WARN_ABOUT_RETURN_TYPE = YES_ERROR;
				GCC_WARN_UNDECLARED_SELECTOR = YES;
				GCC_WARN_UNINITIALIZED_AUTOS = YES_AGGRESSIVE;
				GCC_WARN_UNUSED_FUNCTION = YES;
				GCC_WARN_UNUSED_VARIABLE = YES;
				IPHONEOS_DEPLOYMENT_TARGET = 16.2;
				MTL_ENABLE_DEBUG_INFO = INCLUDE_SOURCE;
				MTL_FAST_MATH = YES;
				ONLY_ACTIVE_ARCH = YES;
				SDKROOT = iphoneos;
				SWIFT_ACTIVE_COMPILATION_CONDITIONS = DEBUG;
				SWIFT_OPTIMIZATION_LEVEL = "-Onone";
			};
			name = Debug;
		};
		59F9D1E029C3D01D002374E2 /* Release */ = {
			isa = XCBuildConfiguration;
			buildSettings = {
				ALWAYS_SEARCH_USER_PATHS = NO;
				CLANG_ANALYZER_NONNULL = YES;
				CLANG_ANALYZER_NUMBER_OBJECT_CONVERSION = YES_AGGRESSIVE;
				CLANG_CXX_LANGUAGE_STANDARD = "gnu++20";
				CLANG_ENABLE_MODULES = YES;
				CLANG_ENABLE_OBJC_ARC = YES;
				CLANG_ENABLE_OBJC_WEAK = YES;
				CLANG_WARN_BLOCK_CAPTURE_AUTORELEASING = YES;
				CLANG_WARN_BOOL_CONVERSION = YES;
				CLANG_WARN_COMMA = YES;
				CLANG_WARN_CONSTANT_CONVERSION = YES;
				CLANG_WARN_DEPRECATED_OBJC_IMPLEMENTATIONS = YES;
				CLANG_WARN_DIRECT_OBJC_ISA_USAGE = YES_ERROR;
				CLANG_WARN_DOCUMENTATION_COMMENTS = YES;
				CLANG_WARN_EMPTY_BODY = YES;
				CLANG_WARN_ENUM_CONVERSION = YES;
				CLANG_WARN_INFINITE_RECURSION = YES;
				CLANG_WARN_INT_CONVERSION = YES;
				CLANG_WARN_NON_LITERAL_NULL_CONVERSION = YES;
				CLANG_WARN_OBJC_IMPLICIT_RETAIN_SELF = YES;
				CLANG_WARN_OBJC_LITERAL_CONVERSION = YES;
				CLANG_WARN_OBJC_ROOT_CLASS = YES_ERROR;
				CLANG_WARN_QUOTED_INCLUDE_IN_FRAMEWORK_HEADER = YES;
				CLANG_WARN_RANGE_LOOP_ANALYSIS = YES;
				CLANG_WARN_STRICT_PROTOTYPES = YES;
				CLANG_WARN_SUSPICIOUS_MOVE = YES;
				CLANG_WARN_UNGUARDED_AVAILABILITY = YES_AGGRESSIVE;
				CLANG_WARN_UNREACHABLE_CODE = YES;
				CLANG_WARN__DUPLICATE_METHOD_MATCH = YES;
				COPY_PHASE_STRIP = NO;
				DEBUG_INFORMATION_FORMAT = "dwarf-with-dsym";
				ENABLE_NS_ASSERTIONS = NO;
				ENABLE_STRICT_OBJC_MSGSEND = YES;
				GCC_C_LANGUAGE_STANDARD = gnu11;
				GCC_NO_COMMON_BLOCKS = YES;
				GCC_WARN_64_TO_32_BIT_CONVERSION = YES;
				GCC_WARN_ABOUT_RETURN_TYPE = YES_ERROR;
				GCC_WARN_UNDECLARED_SELECTOR = YES;
				GCC_WARN_UNINITIALIZED_AUTOS = YES_AGGRESSIVE;
				GCC_WARN_UNUSED_FUNCTION = YES;
				GCC_WARN_UNUSED_VARIABLE = YES;
				IPHONEOS_DEPLOYMENT_TARGET = 16.2;
				MTL_ENABLE_DEBUG_INFO = NO;
				MTL_FAST_MATH = YES;
				SDKROOT = iphoneos;
				SWIFT_COMPILATION_MODE = wholemodule;
				SWIFT_OPTIMIZATION_LEVEL = "-O";
				VALIDATE_PRODUCT = YES;
			};
			name = Release;
		};
		59F9D1E229C3D01D002374E2 /* Debug */ = {
			isa = XCBuildConfiguration;
			buildSettings = {
				ASSETCATALOG_COMPILER_APPICON_NAME = AppIcon;
				ASSETCATALOG_COMPILER_GLOBAL_ACCENT_COLOR_NAME = AccentColor;
				CODE_SIGN_STYLE = Automatic;
				CURRENT_PROJECT_VERSION = 1;
				DEVELOPMENT_ASSET_PATHS = "\"ezQuiz/Preview Content\"";
				DEVELOPMENT_TEAM = GR3FLKSKAU;
				ENABLE_PREVIEWS = YES;
				GENERATE_INFOPLIST_FILE = YES;
				INFOPLIST_KEY_UIApplicationSceneManifest_Generation = YES;
				INFOPLIST_KEY_UIApplicationSupportsIndirectInputEvents = YES;
				INFOPLIST_KEY_UILaunchScreen_Generation = YES;
				INFOPLIST_KEY_UISupportedInterfaceOrientations_iPad = "UIInterfaceOrientationPortrait UIInterfaceOrientationPortraitUpsideDown UIInterfaceOrientationLandscapeLeft UIInterfaceOrientationLandscapeRight";
				INFOPLIST_KEY_UISupportedInterfaceOrientations_iPhone = "UIInterfaceOrientationPortrait UIInterfaceOrientationLandscapeLeft UIInterfaceOrientationLandscapeRight";
				LD_RUNPATH_SEARCH_PATHS = (
					"$(inherited)",
					"@executable_path/Frameworks",
				);
				MARKETING_VERSION = 1.0;
				PRODUCT_BUNDLE_IDENTIFIER = SeeqMyDuck.ezQuiz;
				PRODUCT_NAME = "$(TARGET_NAME)";
				SWIFT_EMIT_LOC_STRINGS = YES;
				SWIFT_VERSION = 5.0;
				TARGETED_DEVICE_FAMILY = "1,2";
			};
			name = Debug;
		};
		59F9D1E329C3D01D002374E2 /* Release */ = {
			isa = XCBuildConfiguration;
			buildSettings = {
				ASSETCATALOG_COMPILER_APPICON_NAME = AppIcon;
				ASSETCATALOG_COMPILER_GLOBAL_ACCENT_COLOR_NAME = AccentColor;
				CODE_SIGN_STYLE = Automatic;
				CURRENT_PROJECT_VERSION = 1;
				DEVELOPMENT_ASSET_PATHS = "\"ezQuiz/Preview Content\"";
				DEVELOPMENT_TEAM = GR3FLKSKAU;
				ENABLE_PREVIEWS = YES;
				GENERATE_INFOPLIST_FILE = YES;
				INFOPLIST_KEY_UIApplicationSceneManifest_Generation = YES;
				INFOPLIST_KEY_UIApplicationSupportsIndirectInputEvents = YES;
				INFOPLIST_KEY_UILaunchScreen_Generation = YES;
				INFOPLIST_KEY_UISupportedInterfaceOrientations_iPad = "UIInterfaceOrientationPortrait UIInterfaceOrientationPortraitUpsideDown UIInterfaceOrientationLandscapeLeft UIInterfaceOrientationLandscapeRight";
				INFOPLIST_KEY_UISupportedInterfaceOrientations_iPhone = "UIInterfaceOrientationPortrait UIInterfaceOrientationLandscapeLeft UIInterfaceOrientationLandscapeRight";
				LD_RUNPATH_SEARCH_PATHS = (
					"$(inherited)",
					"@executable_path/Frameworks",
				);
				MARKETING_VERSION = 1.0;
				PRODUCT_BUNDLE_IDENTIFIER = SeeqMyDuck.ezQuiz;
				PRODUCT_NAME = "$(TARGET_NAME)";
				SWIFT_EMIT_LOC_STRINGS = YES;
				SWIFT_VERSION = 5.0;
				TARGETED_DEVICE_FAMILY = "1,2";
			};
			name = Release;
		};
		59F9D1E529C3D01D002374E2 /* Debug */ = {
			isa = XCBuildConfiguration;
			buildSettings = {
				ALWAYS_EMBED_SWIFT_STANDARD_LIBRARIES = YES;
				BUNDLE_LOADER = "$(TEST_HOST)";
				CODE_SIGN_STYLE = Automatic;
				CURRENT_PROJECT_VERSION = 1;
				DEVELOPMENT_TEAM = GR3FLKSKAU;
				GENERATE_INFOPLIST_FILE = YES;
				IPHONEOS_DEPLOYMENT_TARGET = 16.2;
				MARKETING_VERSION = 1.0;
				PRODUCT_BUNDLE_IDENTIFIER = SeeqMyDuck.ezQuizTests;
				PRODUCT_NAME = "$(TARGET_NAME)";
				SWIFT_EMIT_LOC_STRINGS = NO;
				SWIFT_VERSION = 5.0;
				TARGETED_DEVICE_FAMILY = "1,2";
				TEST_HOST = "$(BUILT_PRODUCTS_DIR)/ezQuiz.app/$(BUNDLE_EXECUTABLE_FOLDER_PATH)/ezQuiz";
			};
			name = Debug;
		};
		59F9D1E629C3D01D002374E2 /* Release */ = {
			isa = XCBuildConfiguration;
			buildSettings = {
				ALWAYS_EMBED_SWIFT_STANDARD_LIBRARIES = YES;
				BUNDLE_LOADER = "$(TEST_HOST)";
				CODE_SIGN_STYLE = Automatic;
				CURRENT_PROJECT_VERSION = 1;
				DEVELOPMENT_TEAM = GR3FLKSKAU;
				GENERATE_INFOPLIST_FILE = YES;
				IPHONEOS_DEPLOYMENT_TARGET = 16.2;
				MARKETING_VERSION = 1.0;
				PRODUCT_BUNDLE_IDENTIFIER = SeeqMyDuck.ezQuizTests;
				PRODUCT_NAME = "$(TARGET_NAME)";
				SWIFT_EMIT_LOC_STRINGS = NO;
				SWIFT_VERSION = 5.0;
				TARGETED_DEVICE_FAMILY = "1,2";
				TEST_HOST = "$(BUILT_PRODUCTS_DIR)/ezQuiz.app/$(BUNDLE_EXECUTABLE_FOLDER_PATH)/ezQuiz";
			};
			name = Release;
		};
		59F9D1E829C3D01D002374E2 /* Debug */ = {
			isa = XCBuildConfiguration;
			buildSettings = {
				ALWAYS_EMBED_SWIFT_STANDARD_LIBRARIES = YES;
				CODE_SIGN_STYLE = Automatic;
				CURRENT_PROJECT_VERSION = 1;
				DEVELOPMENT_TEAM = GR3FLKSKAU;
				GENERATE_INFOPLIST_FILE = YES;
				MARKETING_VERSION = 1.0;
				PRODUCT_BUNDLE_IDENTIFIER = SeeqMyDuck.ezQuizUITests;
				PRODUCT_NAME = "$(TARGET_NAME)";
				SWIFT_EMIT_LOC_STRINGS = NO;
				SWIFT_VERSION = 5.0;
				TARGETED_DEVICE_FAMILY = "1,2";
				TEST_TARGET_NAME = ezQuiz;
			};
			name = Debug;
		};
		59F9D1E929C3D01D002374E2 /* Release */ = {
			isa = XCBuildConfiguration;
			buildSettings = {
				ALWAYS_EMBED_SWIFT_STANDARD_LIBRARIES = YES;
				CODE_SIGN_STYLE = Automatic;
				CURRENT_PROJECT_VERSION = 1;
				DEVELOPMENT_TEAM = GR3FLKSKAU;
				GENERATE_INFOPLIST_FILE = YES;
				MARKETING_VERSION = 1.0;
				PRODUCT_BUNDLE_IDENTIFIER = SeeqMyDuck.ezQuizUITests;
				PRODUCT_NAME = "$(TARGET_NAME)";
				SWIFT_EMIT_LOC_STRINGS = NO;
				SWIFT_VERSION = 5.0;
				TARGETED_DEVICE_FAMILY = "1,2";
				TEST_TARGET_NAME = ezQuiz;
			};
			name = Release;
		};
/* End XCBuildConfiguration section */

/* Begin XCConfigurationList section */
		59F9D1B829C3D013002374E2 /* Build configuration list for PBXProject "ezQuiz" */ = {
			isa = XCConfigurationList;
			buildConfigurations = (
				59F9D1DF29C3D01D002374E2 /* Debug */,
				59F9D1E029C3D01D002374E2 /* Release */,
			);
			defaultConfigurationIsVisible = 0;
			defaultConfigurationName = Release;
		};
		59F9D1E129C3D01D002374E2 /* Build configuration list for PBXNativeTarget "ezQuiz" */ = {
			isa = XCConfigurationList;
			buildConfigurations = (
				59F9D1E229C3D01D002374E2 /* Debug */,
				59F9D1E329C3D01D002374E2 /* Release */,
			);
			defaultConfigurationIsVisible = 0;
			defaultConfigurationName = Release;
		};
		59F9D1E429C3D01D002374E2 /* Build configuration list for PBXNativeTarget "ezQuizTests" */ = {
			isa = XCConfigurationList;
			buildConfigurations = (
				59F9D1E529C3D01D002374E2 /* Debug */,
				59F9D1E629C3D01D002374E2 /* Release */,
			);
			defaultConfigurationIsVisible = 0;
			defaultConfigurationName = Release;
		};
		59F9D1E729C3D01D002374E2 /* Build configuration list for PBXNativeTarget "ezQuizUITests" */ = {
			isa = XCConfigurationList;
			buildConfigurations = (
				59F9D1E829C3D01D002374E2 /* Debug */,
				59F9D1E929C3D01D002374E2 /* Release */,
			);
			defaultConfigurationIsVisible = 0;
			defaultConfigurationName = Release;
		};
/* End XCConfigurationList section */
	};
	rootObject = 59F9D1B529C3D013002374E2 /* Project object */;
}
