// !$*UTF8*$!
{
	archiveVersion = 1;
	classes = {
	};
	objectVersion = 56;
	objects = {

/* Begin PBXBuildFile section */
		5902DF5829E0D08E005046C6 /* FlagsViewModel.swift in Sources */ = {isa = PBXBuildFile; fileRef = 5902DF5729E0D08E005046C6 /* FlagsViewModel.swift */; };
		5902DF5A29E0D0C1005046C6 /* FlagsView.swift in Sources */ = {isa = PBXBuildFile; fileRef = 5902DF5929E0D0C1005046C6 /* FlagsView.swift */; };
		5902DF5E29E0D4AA005046C6 /* Colors.swift in Sources */ = {isa = PBXBuildFile; fileRef = 5902DF5D29E0D4AA005046C6 /* Colors.swift */; };
		5902DF6229E0E3DA005046C6 /* FlagsRouter.swift in Sources */ = {isa = PBXBuildFile; fileRef = 5902DF6129E0E3D9005046C6 /* FlagsRouter.swift */; };
		5902DF6429E0EC91005046C6 /* QuestionItemModel.swift in Sources */ = {isa = PBXBuildFile; fileRef = 5902DF6329E0EC91005046C6 /* QuestionItemModel.swift */; };
		5902DF6629E16278005046C6 /* Loader.swift in Sources */ = {isa = PBXBuildFile; fileRef = 5902DF6529E16278005046C6 /* Loader.swift */; };
		594EEB7629D636AE006F6AC7 /* MenuScreenTests.swift in Sources */ = {isa = PBXBuildFile; fileRef = 594EEB7529D636AE006F6AC7 /* MenuScreenTests.swift */; };
		594EEB7A29D63793006F6AC7 /* Difficulties.swift in Sources */ = {isa = PBXBuildFile; fileRef = 594EEB7929D63793006F6AC7 /* Difficulties.swift */; };
		594EEB7C29D63A38006F6AC7 /* MenuViewModel.swift in Sources */ = {isa = PBXBuildFile; fileRef = 594EEB7B29D63A38006F6AC7 /* MenuViewModel.swift */; };
		594EEB7E29D63BEC006F6AC7 /* MenuViewModelProtocol.swift in Sources */ = {isa = PBXBuildFile; fileRef = 594EEB7D29D63BEC006F6AC7 /* MenuViewModelProtocol.swift */; };
		594EEB8129D63CB4006F6AC7 /* MenuView.swift in Sources */ = {isa = PBXBuildFile; fileRef = 594EEB8029D63CB4006F6AC7 /* MenuView.swift */; };
		5994C3D429DCCD65003F384F /* FlagsScreenTests.swift in Sources */ = {isa = PBXBuildFile; fileRef = 5994C3D329DCCD65003F384F /* FlagsScreenTests.swift */; };
		59A8D0B629F990A400C75569 /* ScoreboardRouter.swift in Sources */ = {isa = PBXBuildFile; fileRef = 59A8D0B529F990A300C75569 /* ScoreboardRouter.swift */; };
		59A8D0BA29FB330900C75569 /* QuizResults.xcdatamodeld in Sources */ = {isa = PBXBuildFile; fileRef = 59A8D0B829FB330800C75569 /* QuizResults.xcdatamodeld */; };
		59AF97EB29FD6D7900FF25CF /* CoreDataHelper.swift in Sources */ = {isa = PBXBuildFile; fileRef = 59AF97EA29FD6D7900FF25CF /* CoreDataHelper.swift */; };
		59AF97EF29FE6B4300FF25CF /* GameType.swift in Sources */ = {isa = PBXBuildFile; fileRef = 59AF97EE29FE6B4300FF25CF /* GameType.swift */; };
		59AF97F129FE93DB00FF25CF /* TimerView.swift in Sources */ = {isa = PBXBuildFile; fileRef = 59AF97F029FE93DB00FF25CF /* TimerView.swift */; };
		59AF97F429FF203500FF25CF /* ResultsView.swift in Sources */ = {isa = PBXBuildFile; fileRef = 59AF97F329FF203500FF25CF /* ResultsView.swift */; };
		59AF97F629FF204200FF25CF /* ResultsViewModel.swift in Sources */ = {isa = PBXBuildFile; fileRef = 59AF97F529FF204200FF25CF /* ResultsViewModel.swift */; };
		59AF97F829FF206E00FF25CF /* ResultsRouter.swift in Sources */ = {isa = PBXBuildFile; fileRef = 59AF97F729FF206E00FF25CF /* ResultsRouter.swift */; };
		59AF97FA29FF2C4D00FF25CF /* ResultItem.swift in Sources */ = {isa = PBXBuildFile; fileRef = 59AF97F929FF2C4D00FF25CF /* ResultItem.swift */; };
		59D82F5B29EDF0C7009F72AF /* UserView.swift in Sources */ = {isa = PBXBuildFile; fileRef = 59D82F5A29EDF0C7009F72AF /* UserView.swift */; };
		59D82F5E29EDF32F009F72AF /* WelcomeView.swift in Sources */ = {isa = PBXBuildFile; fileRef = 59D82F5D29EDF32F009F72AF /* WelcomeView.swift */; };
		59D82F6029EDF4B2009F72AF /* StartView.swift in Sources */ = {isa = PBXBuildFile; fileRef = 59D82F5F29EDF4B2009F72AF /* StartView.swift */; };
		59D82F6229EDF4E5009F72AF /* UserViewModel.swift in Sources */ = {isa = PBXBuildFile; fileRef = 59D82F6129EDF4E5009F72AF /* UserViewModel.swift */; };
		59D82F6429EDF552009F72AF /* WelcomeViewModel.swift in Sources */ = {isa = PBXBuildFile; fileRef = 59D82F6329EDF552009F72AF /* WelcomeViewModel.swift */; };
		59D82F6729EEE5DB009F72AF /* DifficultyView.swift in Sources */ = {isa = PBXBuildFile; fileRef = 59D82F6629EEE5DB009F72AF /* DifficultyView.swift */; };
		59D82F6929EEE5F4009F72AF /* DifficultyViewModel.swift in Sources */ = {isa = PBXBuildFile; fileRef = 59D82F6829EEE5F4009F72AF /* DifficultyViewModel.swift */; };
		59D82F6B29EEFD6A009F72AF /* MenuItem.swift in Sources */ = {isa = PBXBuildFile; fileRef = 59D82F6A29EEFD6A009F72AF /* MenuItem.swift */; };
		59D82F6F29EF0DAF009F72AF /* AboutView.swift in Sources */ = {isa = PBXBuildFile; fileRef = 59D82F6E29EF0DAE009F72AF /* AboutView.swift */; };
		59D82F7129EF0DBE009F72AF /* AboutViewModel.swift in Sources */ = {isa = PBXBuildFile; fileRef = 59D82F7029EF0DBE009F72AF /* AboutViewModel.swift */; };
		59D82F7429EF519C009F72AF /* ProfileView.swift in Sources */ = {isa = PBXBuildFile; fileRef = 59D82F7329EF519C009F72AF /* ProfileView.swift */; };
		59D82F7629EF51BB009F72AF /* ProfileViewModel.swift in Sources */ = {isa = PBXBuildFile; fileRef = 59D82F7529EF51BB009F72AF /* ProfileViewModel.swift */; };
		59D82F7829EF56CF009F72AF /* User.swift in Sources */ = {isa = PBXBuildFile; fileRef = 59D82F7729EF56CF009F72AF /* User.swift */; };
		59D82F7A29EF5C4B009F72AF /* ProfileRouter.swift in Sources */ = {isa = PBXBuildFile; fileRef = 59D82F7929EF5C4B009F72AF /* ProfileRouter.swift */; };
		59D82F7C29EF5D4F009F72AF /* Coordinator.swift in Sources */ = {isa = PBXBuildFile; fileRef = 59D82F7B29EF5D4F009F72AF /* Coordinator.swift */; };
		59D90A8829F19FDD00CA80DD /* PauseView.swift in Sources */ = {isa = PBXBuildFile; fileRef = 59D90A8729F19FDD00CA80DD /* PauseView.swift */; };
		59D90A8A29F358B400CA80DD /* MainButtonStyle.swift in Sources */ = {isa = PBXBuildFile; fileRef = 59D90A8929F358B400CA80DD /* MainButtonStyle.swift */; };
		59D90A8F29F35A1000CA80DD /* ProfileButtonStyle.swift in Sources */ = {isa = PBXBuildFile; fileRef = 59D90A8E29F35A1000CA80DD /* ProfileButtonStyle.swift */; };
		59D90A9129F3D99E00CA80DD /* MenuRouter.swift in Sources */ = {isa = PBXBuildFile; fileRef = 59D90A9029F3D99D00CA80DD /* MenuRouter.swift */; };
		59D90A9329F5216400CA80DD /* DifficultyRouter.swift in Sources */ = {isa = PBXBuildFile; fileRef = 59D90A9229F5216300CA80DD /* DifficultyRouter.swift */; };
		59D90A9529F5E6AE00CA80DD /* InformationView.swift in Sources */ = {isa = PBXBuildFile; fileRef = 59D90A9429F5E6AE00CA80DD /* InformationView.swift */; };
		59D90A9829F5EE1D00CA80DD /* ScoreboardView.swift in Sources */ = {isa = PBXBuildFile; fileRef = 59D90A9729F5EE1D00CA80DD /* ScoreboardView.swift */; };
		59D90A9A29F5EE2D00CA80DD /* ScoreboardViewModel.swift in Sources */ = {isa = PBXBuildFile; fileRef = 59D90A9929F5EE2D00CA80DD /* ScoreboardViewModel.swift */; };
		59F9D1C129C3D014002374E2 /* ezQuizApp.swift in Sources */ = {isa = PBXBuildFile; fileRef = 59F9D1C029C3D014002374E2 /* ezQuizApp.swift */; };
		59F9D1C329C3D014002374E2 /* ContentView.swift in Sources */ = {isa = PBXBuildFile; fileRef = 59F9D1C229C3D014002374E2 /* ContentView.swift */; };
		59F9D1C529C3D01B002374E2 /* Assets.xcassets in Resources */ = {isa = PBXBuildFile; fileRef = 59F9D1C429C3D01B002374E2 /* Assets.xcassets */; };
		59F9D1C829C3D01B002374E2 /* Preview Assets.xcassets in Resources */ = {isa = PBXBuildFile; fileRef = 59F9D1C729C3D01B002374E2 /* Preview Assets.xcassets */; };
		59F9D1D229C3D01C002374E2 /* ezQuizTests.swift in Sources */ = {isa = PBXBuildFile; fileRef = 59F9D1D129C3D01C002374E2 /* ezQuizTests.swift */; };
		59F9D1DC29C3D01D002374E2 /* ezQuizUITests.swift in Sources */ = {isa = PBXBuildFile; fileRef = 59F9D1DB29C3D01D002374E2 /* ezQuizUITests.swift */; };
		59F9D1DE29C3D01D002374E2 /* ezQuizUITestsLaunchTests.swift in Sources */ = {isa = PBXBuildFile; fileRef = 59F9D1DD29C3D01D002374E2 /* ezQuizUITestsLaunchTests.swift */; };
		59FDBAB829E779400012C945 /* KingfisherImageLoader.swift in Sources */ = {isa = PBXBuildFile; fileRef = 59FDBAB729E7793F0012C945 /* KingfisherImageLoader.swift */; };
		59FDBABD29E8C1170012C945 /* Paddings.swift in Sources */ = {isa = PBXBuildFile; fileRef = 59FDBABC29E8C1170012C945 /* Paddings.swift */; };
		59FDBABF29EA0C7B0012C945 /* Fonts.swift in Sources */ = {isa = PBXBuildFile; fileRef = 59FDBABE29EA0C7B0012C945 /* Fonts.swift */; };
		616B093CDBB3ADFAA20C5622 /* Pods_ezQuiz.framework in Frameworks */ = {isa = PBXBuildFile; fileRef = 188C498C4B4D18BF9D05B2CB /* Pods_ezQuiz.framework */; };
		76A5D78EF8321C360B9A997D /* Pods_ezQuizTests.framework in Frameworks */ = {isa = PBXBuildFile; fileRef = B9311A455BDE0F67FC9F3DE2 /* Pods_ezQuizTests.framework */; };
		9C0FC95C5682A32932C5D851 /* Pods_ezQuiz_ezQuizUITests.framework in Frameworks */ = {isa = PBXBuildFile; fileRef = CF7D9AEB7CE3469431DC16F3 /* Pods_ezQuiz_ezQuizUITests.framework */; };
/* End PBXBuildFile section */

/* Begin PBXContainerItemProxy section */
		59F9D1CE29C3D01C002374E2 /* PBXContainerItemProxy */ = {
			isa = PBXContainerItemProxy;
			containerPortal = 59F9D1B529C3D013002374E2 /* Project object */;
			proxyType = 1;
			remoteGlobalIDString = 59F9D1BC29C3D013002374E2;
			remoteInfo = ezQuiz;
		};
		59F9D1D829C3D01C002374E2 /* PBXContainerItemProxy */ = {
			isa = PBXContainerItemProxy;
			containerPortal = 59F9D1B529C3D013002374E2 /* Project object */;
			proxyType = 1;
			remoteGlobalIDString = 59F9D1BC29C3D013002374E2;
			remoteInfo = ezQuiz;
		};
/* End PBXContainerItemProxy section */

/* Begin PBXFileReference section */
		0FDB0FC88621DDDE932F63AC /* Pods-ezQuiz.release.xcconfig */ = {isa = PBXFileReference; includeInIndex = 1; lastKnownFileType = text.xcconfig; name = "Pods-ezQuiz.release.xcconfig"; path = "Target Support Files/Pods-ezQuiz/Pods-ezQuiz.release.xcconfig"; sourceTree = "<group>"; };
		188C498C4B4D18BF9D05B2CB /* Pods_ezQuiz.framework */ = {isa = PBXFileReference; explicitFileType = wrapper.framework; includeInIndex = 0; path = Pods_ezQuiz.framework; sourceTree = BUILT_PRODUCTS_DIR; };
		19C7DDBC2197A4BEABD86AF1 /* Pods-ezQuizTests.debug.xcconfig */ = {isa = PBXFileReference; includeInIndex = 1; lastKnownFileType = text.xcconfig; name = "Pods-ezQuizTests.debug.xcconfig"; path = "Target Support Files/Pods-ezQuizTests/Pods-ezQuizTests.debug.xcconfig"; sourceTree = "<group>"; };
		5902DF5729E0D08E005046C6 /* FlagsViewModel.swift */ = {isa = PBXFileReference; lastKnownFileType = sourcecode.swift; path = FlagsViewModel.swift; sourceTree = "<group>"; };
		5902DF5929E0D0C1005046C6 /* FlagsView.swift */ = {isa = PBXFileReference; lastKnownFileType = sourcecode.swift; path = FlagsView.swift; sourceTree = "<group>"; };
		5902DF5D29E0D4AA005046C6 /* Colors.swift */ = {isa = PBXFileReference; lastKnownFileType = sourcecode.swift; path = Colors.swift; sourceTree = "<group>"; };
		5902DF6129E0E3D9005046C6 /* FlagsRouter.swift */ = {isa = PBXFileReference; lastKnownFileType = sourcecode.swift; path = FlagsRouter.swift; sourceTree = "<group>"; };
		5902DF6329E0EC91005046C6 /* QuestionItemModel.swift */ = {isa = PBXFileReference; lastKnownFileType = sourcecode.swift; path = QuestionItemModel.swift; sourceTree = "<group>"; };
		5902DF6529E16278005046C6 /* Loader.swift */ = {isa = PBXFileReference; lastKnownFileType = sourcecode.swift; path = Loader.swift; sourceTree = "<group>"; };
		594EEB7529D636AE006F6AC7 /* MenuScreenTests.swift */ = {isa = PBXFileReference; lastKnownFileType = sourcecode.swift; path = MenuScreenTests.swift; sourceTree = "<group>"; };
		594EEB7929D63793006F6AC7 /* Difficulties.swift */ = {isa = PBXFileReference; lastKnownFileType = sourcecode.swift; path = Difficulties.swift; sourceTree = "<group>"; };
		594EEB7B29D63A38006F6AC7 /* MenuViewModel.swift */ = {isa = PBXFileReference; lastKnownFileType = sourcecode.swift; path = MenuViewModel.swift; sourceTree = "<group>"; };
		594EEB7D29D63BEC006F6AC7 /* MenuViewModelProtocol.swift */ = {isa = PBXFileReference; lastKnownFileType = sourcecode.swift; path = MenuViewModelProtocol.swift; sourceTree = "<group>"; };
		594EEB8029D63CB4006F6AC7 /* MenuView.swift */ = {isa = PBXFileReference; lastKnownFileType = sourcecode.swift; path = MenuView.swift; sourceTree = "<group>"; };
		5994C3D329DCCD65003F384F /* FlagsScreenTests.swift */ = {isa = PBXFileReference; lastKnownFileType = sourcecode.swift; path = FlagsScreenTests.swift; sourceTree = "<group>"; };
		59A8D0B529F990A300C75569 /* ScoreboardRouter.swift */ = {isa = PBXFileReference; lastKnownFileType = sourcecode.swift; path = ScoreboardRouter.swift; sourceTree = "<group>"; };
		59A8D0B929FB330800C75569 /* QuizResults.xcdatamodel */ = {isa = PBXFileReference; lastKnownFileType = wrapper.xcdatamodel; path = QuizResults.xcdatamodel; sourceTree = "<group>"; };
		59AF97EA29FD6D7900FF25CF /* CoreDataHelper.swift */ = {isa = PBXFileReference; lastKnownFileType = sourcecode.swift; path = CoreDataHelper.swift; sourceTree = "<group>"; };
		59AF97EE29FE6B4300FF25CF /* GameType.swift */ = {isa = PBXFileReference; lastKnownFileType = sourcecode.swift; path = GameType.swift; sourceTree = "<group>"; };
		59AF97F029FE93DB00FF25CF /* TimerView.swift */ = {isa = PBXFileReference; lastKnownFileType = sourcecode.swift; path = TimerView.swift; sourceTree = "<group>"; };
		59AF97F329FF203500FF25CF /* ResultsView.swift */ = {isa = PBXFileReference; lastKnownFileType = sourcecode.swift; path = ResultsView.swift; sourceTree = "<group>"; };
		59AF97F529FF204200FF25CF /* ResultsViewModel.swift */ = {isa = PBXFileReference; lastKnownFileType = sourcecode.swift; path = ResultsViewModel.swift; sourceTree = "<group>"; };
		59AF97F729FF206E00FF25CF /* ResultsRouter.swift */ = {isa = PBXFileReference; lastKnownFileType = sourcecode.swift; path = ResultsRouter.swift; sourceTree = "<group>"; };
		59AF97F929FF2C4D00FF25CF /* ResultItem.swift */ = {isa = PBXFileReference; lastKnownFileType = sourcecode.swift; path = ResultItem.swift; sourceTree = "<group>"; };
		59D82F5A29EDF0C7009F72AF /* UserView.swift */ = {isa = PBXFileReference; lastKnownFileType = sourcecode.swift; path = UserView.swift; sourceTree = "<group>"; };
		59D82F5D29EDF32F009F72AF /* WelcomeView.swift */ = {isa = PBXFileReference; lastKnownFileType = sourcecode.swift; path = WelcomeView.swift; sourceTree = "<group>"; };
		59D82F5F29EDF4B2009F72AF /* StartView.swift */ = {isa = PBXFileReference; lastKnownFileType = sourcecode.swift; path = StartView.swift; sourceTree = "<group>"; };
		59D82F6129EDF4E5009F72AF /* UserViewModel.swift */ = {isa = PBXFileReference; lastKnownFileType = sourcecode.swift; path = UserViewModel.swift; sourceTree = "<group>"; };
		59D82F6329EDF552009F72AF /* WelcomeViewModel.swift */ = {isa = PBXFileReference; lastKnownFileType = sourcecode.swift; path = WelcomeViewModel.swift; sourceTree = "<group>"; };
		59D82F6629EEE5DB009F72AF /* DifficultyView.swift */ = {isa = PBXFileReference; lastKnownFileType = sourcecode.swift; path = DifficultyView.swift; sourceTree = "<group>"; };
		59D82F6829EEE5F4009F72AF /* DifficultyViewModel.swift */ = {isa = PBXFileReference; lastKnownFileType = sourcecode.swift; path = DifficultyViewModel.swift; sourceTree = "<group>"; };
		59D82F6A29EEFD6A009F72AF /* MenuItem.swift */ = {isa = PBXFileReference; lastKnownFileType = sourcecode.swift; path = MenuItem.swift; sourceTree = "<group>"; };
		59D82F6E29EF0DAE009F72AF /* AboutView.swift */ = {isa = PBXFileReference; lastKnownFileType = sourcecode.swift; path = AboutView.swift; sourceTree = "<group>"; };
		59D82F7029EF0DBE009F72AF /* AboutViewModel.swift */ = {isa = PBXFileReference; lastKnownFileType = sourcecode.swift; path = AboutViewModel.swift; sourceTree = "<group>"; };
		59D82F7329EF519C009F72AF /* ProfileView.swift */ = {isa = PBXFileReference; lastKnownFileType = sourcecode.swift; path = ProfileView.swift; sourceTree = "<group>"; };
		59D82F7529EF51BB009F72AF /* ProfileViewModel.swift */ = {isa = PBXFileReference; lastKnownFileType = sourcecode.swift; path = ProfileViewModel.swift; sourceTree = "<group>"; };
		59D82F7729EF56CF009F72AF /* User.swift */ = {isa = PBXFileReference; lastKnownFileType = sourcecode.swift; path = User.swift; sourceTree = "<group>"; };
		59D82F7929EF5C4B009F72AF /* ProfileRouter.swift */ = {isa = PBXFileReference; lastKnownFileType = sourcecode.swift; path = ProfileRouter.swift; sourceTree = "<group>"; };
		59D82F7B29EF5D4F009F72AF /* Coordinator.swift */ = {isa = PBXFileReference; lastKnownFileType = sourcecode.swift; path = Coordinator.swift; sourceTree = "<group>"; };
		59D90A8729F19FDD00CA80DD /* PauseView.swift */ = {isa = PBXFileReference; lastKnownFileType = sourcecode.swift; path = PauseView.swift; sourceTree = "<group>"; };
		59D90A8929F358B400CA80DD /* MainButtonStyle.swift */ = {isa = PBXFileReference; lastKnownFileType = sourcecode.swift; path = MainButtonStyle.swift; sourceTree = "<group>"; };
		59D90A8E29F35A1000CA80DD /* ProfileButtonStyle.swift */ = {isa = PBXFileReference; lastKnownFileType = sourcecode.swift; path = ProfileButtonStyle.swift; sourceTree = "<group>"; };
		59D90A9029F3D99D00CA80DD /* MenuRouter.swift */ = {isa = PBXFileReference; lastKnownFileType = sourcecode.swift; path = MenuRouter.swift; sourceTree = "<group>"; };
		59D90A9229F5216300CA80DD /* DifficultyRouter.swift */ = {isa = PBXFileReference; lastKnownFileType = sourcecode.swift; path = DifficultyRouter.swift; sourceTree = "<group>"; };
		59D90A9429F5E6AE00CA80DD /* InformationView.swift */ = {isa = PBXFileReference; lastKnownFileType = sourcecode.swift; path = InformationView.swift; sourceTree = "<group>"; };
		59D90A9729F5EE1D00CA80DD /* ScoreboardView.swift */ = {isa = PBXFileReference; lastKnownFileType = sourcecode.swift; path = ScoreboardView.swift; sourceTree = "<group>"; };
		59D90A9929F5EE2D00CA80DD /* ScoreboardViewModel.swift */ = {isa = PBXFileReference; lastKnownFileType = sourcecode.swift; path = ScoreboardViewModel.swift; sourceTree = "<group>"; };
		59F9D1BD29C3D014002374E2 /* ezQuiz.app */ = {isa = PBXFileReference; explicitFileType = wrapper.application; includeInIndex = 0; path = ezQuiz.app; sourceTree = BUILT_PRODUCTS_DIR; };
		59F9D1C029C3D014002374E2 /* ezQuizApp.swift */ = {isa = PBXFileReference; lastKnownFileType = sourcecode.swift; path = ezQuizApp.swift; sourceTree = "<group>"; };
		59F9D1C229C3D014002374E2 /* ContentView.swift */ = {isa = PBXFileReference; lastKnownFileType = sourcecode.swift; path = ContentView.swift; sourceTree = "<group>"; };
		59F9D1C429C3D01B002374E2 /* Assets.xcassets */ = {isa = PBXFileReference; lastKnownFileType = folder.assetcatalog; path = Assets.xcassets; sourceTree = "<group>"; };
		59F9D1C729C3D01B002374E2 /* Preview Assets.xcassets */ = {isa = PBXFileReference; lastKnownFileType = folder.assetcatalog; path = "Preview Assets.xcassets"; sourceTree = "<group>"; };
		59F9D1CD29C3D01C002374E2 /* ezQuizTests.xctest */ = {isa = PBXFileReference; explicitFileType = wrapper.cfbundle; includeInIndex = 0; path = ezQuizTests.xctest; sourceTree = BUILT_PRODUCTS_DIR; };
		59F9D1D129C3D01C002374E2 /* ezQuizTests.swift */ = {isa = PBXFileReference; lastKnownFileType = sourcecode.swift; path = ezQuizTests.swift; sourceTree = "<group>"; };
		59F9D1D729C3D01C002374E2 /* ezQuizUITests.xctest */ = {isa = PBXFileReference; explicitFileType = wrapper.cfbundle; includeInIndex = 0; path = ezQuizUITests.xctest; sourceTree = BUILT_PRODUCTS_DIR; };
		59F9D1DB29C3D01D002374E2 /* ezQuizUITests.swift */ = {isa = PBXFileReference; lastKnownFileType = sourcecode.swift; path = ezQuizUITests.swift; sourceTree = "<group>"; };
		59F9D1DD29C3D01D002374E2 /* ezQuizUITestsLaunchTests.swift */ = {isa = PBXFileReference; lastKnownFileType = sourcecode.swift; path = ezQuizUITestsLaunchTests.swift; sourceTree = "<group>"; };
		59FDBAB729E7793F0012C945 /* KingfisherImageLoader.swift */ = {isa = PBXFileReference; lastKnownFileType = sourcecode.swift; path = KingfisherImageLoader.swift; sourceTree = "<group>"; };
		59FDBABC29E8C1170012C945 /* Paddings.swift */ = {isa = PBXFileReference; lastKnownFileType = sourcecode.swift; path = Paddings.swift; sourceTree = "<group>"; };
		59FDBABE29EA0C7B0012C945 /* Fonts.swift */ = {isa = PBXFileReference; lastKnownFileType = sourcecode.swift; path = Fonts.swift; sourceTree = "<group>"; };
		69DDECBA71EB5F39056FBF38 /* Pods-ezQuizTests.release.xcconfig */ = {isa = PBXFileReference; includeInIndex = 1; lastKnownFileType = text.xcconfig; name = "Pods-ezQuizTests.release.xcconfig"; path = "Target Support Files/Pods-ezQuizTests/Pods-ezQuizTests.release.xcconfig"; sourceTree = "<group>"; };
		6F686B3CE54D1BB6C7B871A2 /* Pods-ezQuiz.debug.xcconfig */ = {isa = PBXFileReference; includeInIndex = 1; lastKnownFileType = text.xcconfig; name = "Pods-ezQuiz.debug.xcconfig"; path = "Target Support Files/Pods-ezQuiz/Pods-ezQuiz.debug.xcconfig"; sourceTree = "<group>"; };
		81AA8009BD88FD1B6EB08C0A /* Pods-ezQuiz-ezQuizUITests.release.xcconfig */ = {isa = PBXFileReference; includeInIndex = 1; lastKnownFileType = text.xcconfig; name = "Pods-ezQuiz-ezQuizUITests.release.xcconfig"; path = "Target Support Files/Pods-ezQuiz-ezQuizUITests/Pods-ezQuiz-ezQuizUITests.release.xcconfig"; sourceTree = "<group>"; };
		84596FF3DF8982E3F531CCFE /* Pods-ezQuiz-ezQuizUITests.debug.xcconfig */ = {isa = PBXFileReference; includeInIndex = 1; lastKnownFileType = text.xcconfig; name = "Pods-ezQuiz-ezQuizUITests.debug.xcconfig"; path = "Target Support Files/Pods-ezQuiz-ezQuizUITests/Pods-ezQuiz-ezQuizUITests.debug.xcconfig"; sourceTree = "<group>"; };
		B9311A455BDE0F67FC9F3DE2 /* Pods_ezQuizTests.framework */ = {isa = PBXFileReference; explicitFileType = wrapper.framework; includeInIndex = 0; path = Pods_ezQuizTests.framework; sourceTree = BUILT_PRODUCTS_DIR; };
		CF7D9AEB7CE3469431DC16F3 /* Pods_ezQuiz_ezQuizUITests.framework */ = {isa = PBXFileReference; explicitFileType = wrapper.framework; includeInIndex = 0; path = Pods_ezQuiz_ezQuizUITests.framework; sourceTree = BUILT_PRODUCTS_DIR; };
/* End PBXFileReference section */

/* Begin PBXFrameworksBuildPhase section */
		59F9D1BA29C3D013002374E2 /* Frameworks */ = {
			isa = PBXFrameworksBuildPhase;
			buildActionMask = 2147483647;
			files = (
				616B093CDBB3ADFAA20C5622 /* Pods_ezQuiz.framework in Frameworks */,
			);
			runOnlyForDeploymentPostprocessing = 0;
		};
		59F9D1CA29C3D01C002374E2 /* Frameworks */ = {
			isa = PBXFrameworksBuildPhase;
			buildActionMask = 2147483647;
			files = (
				76A5D78EF8321C360B9A997D /* Pods_ezQuizTests.framework in Frameworks */,
			);
			runOnlyForDeploymentPostprocessing = 0;
		};
		59F9D1D429C3D01C002374E2 /* Frameworks */ = {
			isa = PBXFrameworksBuildPhase;
			buildActionMask = 2147483647;
			files = (
				9C0FC95C5682A32932C5D851 /* Pods_ezQuiz_ezQuizUITests.framework in Frameworks */,
			);
			runOnlyForDeploymentPostprocessing = 0;
		};
/* End PBXFrameworksBuildPhase section */

/* Begin PBXGroup section */
		5902DF5629E0D072005046C6 /* Views */ = {
			isa = PBXGroup;
			children = (
				5902DF5929E0D0C1005046C6 /* FlagsView.swift */,
				59D90A8729F19FDD00CA80DD /* PauseView.swift */,
				59D90A9429F5E6AE00CA80DD /* InformationView.swift */,
				59AF97F029FE93DB00FF25CF /* TimerView.swift */,
			);
			path = Views;
			sourceTree = "<group>";
		};
		5902DF5B29E0D480005046C6 /* Helpers */ = {
			isa = PBXGroup;
			children = (
				59A8D0B729FB329700C75569 /* Data */,
				59D90A8D29F359F000CA80DD /* Styles */,
				5902DF5F29E0E21F005046C6 /* Network */,
				5902DF5C29E0D48F005046C6 /* Colors */,
				59D82F7729EF56CF009F72AF /* User.swift */,
				59D82F7B29EF5D4F009F72AF /* Coordinator.swift */,
			);
			path = Helpers;
			sourceTree = "<group>";
		};
		5902DF5C29E0D48F005046C6 /* Colors */ = {
			isa = PBXGroup;
			children = (
				5902DF5D29E0D4AA005046C6 /* Colors.swift */,
				59FDBABC29E8C1170012C945 /* Paddings.swift */,
				59FDBABE29EA0C7B0012C945 /* Fonts.swift */,
			);
			path = Colors;
			sourceTree = "<group>";
		};
		5902DF5F29E0E21F005046C6 /* Network */ = {
			isa = PBXGroup;
			children = (
				5902DF6529E16278005046C6 /* Loader.swift */,
				59FDBAB729E7793F0012C945 /* KingfisherImageLoader.swift */,
			);
			path = Network;
			sourceTree = "<group>";
		};
		5902DF6029E0E3CC005046C6 /* Router */ = {
			isa = PBXGroup;
			children = (
				5902DF6129E0E3D9005046C6 /* FlagsRouter.swift */,
			);
			path = Router;
			sourceTree = "<group>";
		};
		594EEB7729D63775006F6AC7 /* Menu */ = {
			isa = PBXGroup;
			children = (
				5994C3D529DCD2B1003F384F /* Views */,
				594EEB7F29D63C93006F6AC7 /* ViewModels */,
				594EEB7829D6377F006F6AC7 /* Models */,
				59D90A9029F3D99D00CA80DD /* MenuRouter.swift */,
			);
			path = Menu;
			sourceTree = "<group>";
		};
		594EEB7829D6377F006F6AC7 /* Models */ = {
			isa = PBXGroup;
			children = (
				594EEB7929D63793006F6AC7 /* Difficulties.swift */,
				59D82F6A29EEFD6A009F72AF /* MenuItem.swift */,
			);
			path = Models;
			sourceTree = "<group>";
		};
		594EEB7F29D63C93006F6AC7 /* ViewModels */ = {
			isa = PBXGroup;
			children = (
				594EEB7D29D63BEC006F6AC7 /* MenuViewModelProtocol.swift */,
				594EEB7B29D63A38006F6AC7 /* MenuViewModel.swift */,
			);
			path = ViewModels;
			sourceTree = "<group>";
		};
		5994C3D529DCD2B1003F384F /* Views */ = {
			isa = PBXGroup;
			children = (
				594EEB8029D63CB4006F6AC7 /* MenuView.swift */,
			);
			path = Views;
			sourceTree = "<group>";
		};
		5994C3D929DCDA88003F384F /* Flags */ = {
			isa = PBXGroup;
			children = (
				5902DF6029E0E3CC005046C6 /* Router */,
				5902DF5629E0D072005046C6 /* Views */,
				5994C3DB29DCDA9E003F384F /* ViewModels */,
				5994C3DA29DCDA92003F384F /* Models */,
			);
			path = Flags;
			sourceTree = "<group>";
		};
		5994C3DA29DCDA92003F384F /* Models */ = {
			isa = PBXGroup;
			children = (
				5902DF6329E0EC91005046C6 /* QuestionItemModel.swift */,
			);
			path = Models;
			sourceTree = "<group>";
		};
		5994C3DB29DCDA9E003F384F /* ViewModels */ = {
			isa = PBXGroup;
			children = (
				5902DF5729E0D08E005046C6 /* FlagsViewModel.swift */,
			);
			path = ViewModels;
			sourceTree = "<group>";
		};
		59A8D0B729FB329700C75569 /* Data */ = {
			isa = PBXGroup;
			children = (
				59A8D0B829FB330800C75569 /* QuizResults.xcdatamodeld */,
				59AF97EA29FD6D7900FF25CF /* CoreDataHelper.swift */,
			);
			path = Data;
			sourceTree = "<group>";
		};
		59AF97F229FF202500FF25CF /* Results */ = {
			isa = PBXGroup;
			children = (
				59AF97F329FF203500FF25CF /* ResultsView.swift */,
				59AF97F529FF204200FF25CF /* ResultsViewModel.swift */,
				59AF97F729FF206E00FF25CF /* ResultsRouter.swift */,
				59AF97F929FF2C4D00FF25CF /* ResultItem.swift */,
			);
			path = Results;
			sourceTree = "<group>";
		};
		59D82F5729EDEF89009F72AF /* User */ = {
			isa = PBXGroup;
			children = (
				59D82F5A29EDF0C7009F72AF /* UserView.swift */,
				59D82F6129EDF4E5009F72AF /* UserViewModel.swift */,
			);
			path = User;
			sourceTree = "<group>";
		};
		59D82F5C29EDF2CE009F72AF /* Welcome */ = {
			isa = PBXGroup;
			children = (
				59D82F5D29EDF32F009F72AF /* WelcomeView.swift */,
				59D82F5F29EDF4B2009F72AF /* StartView.swift */,
				59D82F6329EDF552009F72AF /* WelcomeViewModel.swift */,
			);
			path = Welcome;
			sourceTree = "<group>";
		};
		59D82F6529EEE5A6009F72AF /* Difficulty */ = {
			isa = PBXGroup;
			children = (
				59D82F6629EEE5DB009F72AF /* DifficultyView.swift */,
				59D82F6829EEE5F4009F72AF /* DifficultyViewModel.swift */,
				59D90A9229F5216300CA80DD /* DifficultyRouter.swift */,
			);
			path = Difficulty;
			sourceTree = "<group>";
		};
		59D82F6C29EF075E009F72AF /* Common */ = {
			isa = PBXGroup;
			children = (
				59AF97F229FF202500FF25CF /* Results */,
				59D90A9629F5EE0100CA80DD /* Scoreboard */,
				59D82F7229EF5117009F72AF /* Profile */,
				59D82F6D29EF0783009F72AF /* About */,
				594EEB7729D63775006F6AC7 /* Menu */,
				5994C3D929DCDA88003F384F /* Flags */,
				59D82F5729EDEF89009F72AF /* User */,
				59D82F5C29EDF2CE009F72AF /* Welcome */,
				59D82F6529EEE5A6009F72AF /* Difficulty */,
			);
			path = Common;
			sourceTree = "<group>";
		};
		59D82F6D29EF0783009F72AF /* About */ = {
			isa = PBXGroup;
			children = (
				59D82F6E29EF0DAE009F72AF /* AboutView.swift */,
				59D82F7029EF0DBE009F72AF /* AboutViewModel.swift */,
			);
			path = About;
			sourceTree = "<group>";
		};
		59D82F7229EF5117009F72AF /* Profile */ = {
			isa = PBXGroup;
			children = (
				59D82F7329EF519C009F72AF /* ProfileView.swift */,
				59D82F7529EF51BB009F72AF /* ProfileViewModel.swift */,
				59D82F7929EF5C4B009F72AF /* ProfileRouter.swift */,
			);
			path = Profile;
			sourceTree = "<group>";
		};
		59D90A8D29F359F000CA80DD /* Styles */ = {
			isa = PBXGroup;
			children = (
				59D90A8929F358B400CA80DD /* MainButtonStyle.swift */,
				59D90A8E29F35A1000CA80DD /* ProfileButtonStyle.swift */,
			);
			path = Styles;
			sourceTree = "<group>";
		};
		59D90A9629F5EE0100CA80DD /* Scoreboard */ = {
			isa = PBXGroup;
			children = (
				59D90A9729F5EE1D00CA80DD /* ScoreboardView.swift */,
				59D90A9929F5EE2D00CA80DD /* ScoreboardViewModel.swift */,
				59A8D0B529F990A300C75569 /* ScoreboardRouter.swift */,
			);
			path = Scoreboard;
			sourceTree = "<group>";
		};
		59F9D1B429C3D013002374E2 = {
			isa = PBXGroup;
			children = (
				59F9D1BF29C3D014002374E2 /* ezQuiz */,
				59F9D1D029C3D01C002374E2 /* ezQuizTests */,
				59F9D1DA29C3D01D002374E2 /* ezQuizUITests */,
				59F9D1BE29C3D014002374E2 /* Products */,
				6654114222B06CD640C5A5E1 /* Pods */,
				77A0A8A460E2185B69D4B4D2 /* Frameworks */,
			);
			sourceTree = "<group>";
		};
		59F9D1BE29C3D014002374E2 /* Products */ = {
			isa = PBXGroup;
			children = (
				59F9D1BD29C3D014002374E2 /* ezQuiz.app */,
				59F9D1CD29C3D01C002374E2 /* ezQuizTests.xctest */,
				59F9D1D729C3D01C002374E2 /* ezQuizUITests.xctest */,
			);
			name = Products;
			sourceTree = "<group>";
		};
		59F9D1BF29C3D014002374E2 /* ezQuiz */ = {
			isa = PBXGroup;
			children = (
				5902DF5B29E0D480005046C6 /* Helpers */,
				59D82F6C29EF075E009F72AF /* Common */,
				59F9D1C029C3D014002374E2 /* ezQuizApp.swift */,
				59F9D1C229C3D014002374E2 /* ContentView.swift */,
				59F9D1C429C3D01B002374E2 /* Assets.xcassets */,
				59F9D1C629C3D01B002374E2 /* Preview Content */,
				59AF97EE29FE6B4300FF25CF /* GameType.swift */,
			);
			path = ezQuiz;
			sourceTree = "<group>";
		};
		59F9D1C629C3D01B002374E2 /* Preview Content */ = {
			isa = PBXGroup;
			children = (
				59F9D1C729C3D01B002374E2 /* Preview Assets.xcassets */,
			);
			path = "Preview Content";
			sourceTree = "<group>";
		};
		59F9D1D029C3D01C002374E2 /* ezQuizTests */ = {
			isa = PBXGroup;
			children = (
				59F9D1D129C3D01C002374E2 /* ezQuizTests.swift */,
				594EEB7529D636AE006F6AC7 /* MenuScreenTests.swift */,
				5994C3D329DCCD65003F384F /* FlagsScreenTests.swift */,
			);
			path = ezQuizTests;
			sourceTree = "<group>";
		};
		59F9D1DA29C3D01D002374E2 /* ezQuizUITests */ = {
			isa = PBXGroup;
			children = (
				59F9D1DB29C3D01D002374E2 /* ezQuizUITests.swift */,
				59F9D1DD29C3D01D002374E2 /* ezQuizUITestsLaunchTests.swift */,
			);
			path = ezQuizUITests;
			sourceTree = "<group>";
		};
		6654114222B06CD640C5A5E1 /* Pods */ = {
			isa = PBXGroup;
			children = (
				6F686B3CE54D1BB6C7B871A2 /* Pods-ezQuiz.debug.xcconfig */,
				0FDB0FC88621DDDE932F63AC /* Pods-ezQuiz.release.xcconfig */,
				84596FF3DF8982E3F531CCFE /* Pods-ezQuiz-ezQuizUITests.debug.xcconfig */,
				81AA8009BD88FD1B6EB08C0A /* Pods-ezQuiz-ezQuizUITests.release.xcconfig */,
				19C7DDBC2197A4BEABD86AF1 /* Pods-ezQuizTests.debug.xcconfig */,
				69DDECBA71EB5F39056FBF38 /* Pods-ezQuizTests.release.xcconfig */,
			);
			path = Pods;
			sourceTree = "<group>";
		};
		77A0A8A460E2185B69D4B4D2 /* Frameworks */ = {
			isa = PBXGroup;
			children = (
				188C498C4B4D18BF9D05B2CB /* Pods_ezQuiz.framework */,
				CF7D9AEB7CE3469431DC16F3 /* Pods_ezQuiz_ezQuizUITests.framework */,
				B9311A455BDE0F67FC9F3DE2 /* Pods_ezQuizTests.framework */,
			);
			name = Frameworks;
			sourceTree = "<group>";
		};
/* End PBXGroup section */

/* Begin PBXNativeTarget section */
		59F9D1BC29C3D013002374E2 /* ezQuiz */ = {
			isa = PBXNativeTarget;
			buildConfigurationList = 59F9D1E129C3D01D002374E2 /* Build configuration list for PBXNativeTarget "ezQuiz" */;
			buildPhases = (
				51D12696FE47980286670EB8 /* [CP] Check Pods Manifest.lock */,
				59F9D1B929C3D013002374E2 /* Sources */,
				59F9D1BA29C3D013002374E2 /* Frameworks */,
				59F9D1BB29C3D013002374E2 /* Resources */,
				10405A093CBC960FA1EEEFBC /* [CP] Embed Pods Frameworks */,
			);
			buildRules = (
			);
			dependencies = (
			);
			name = ezQuiz;
			productName = ezQuiz;
			productReference = 59F9D1BD29C3D014002374E2 /* ezQuiz.app */;
			productType = "com.apple.product-type.application";
		};
		59F9D1CC29C3D01C002374E2 /* ezQuizTests */ = {
			isa = PBXNativeTarget;
			buildConfigurationList = 59F9D1E429C3D01D002374E2 /* Build configuration list for PBXNativeTarget "ezQuizTests" */;
			buildPhases = (
				F1E52E464ABBDF28920DF6F0 /* [CP] Check Pods Manifest.lock */,
				59F9D1C929C3D01C002374E2 /* Sources */,
				59F9D1CA29C3D01C002374E2 /* Frameworks */,
				59F9D1CB29C3D01C002374E2 /* Resources */,
			);
			buildRules = (
			);
			dependencies = (
				59F9D1CF29C3D01C002374E2 /* PBXTargetDependency */,
			);
			name = ezQuizTests;
			productName = ezQuizTests;
			productReference = 59F9D1CD29C3D01C002374E2 /* ezQuizTests.xctest */;
			productType = "com.apple.product-type.bundle.unit-test";
		};
		59F9D1D629C3D01C002374E2 /* ezQuizUITests */ = {
			isa = PBXNativeTarget;
			buildConfigurationList = 59F9D1E729C3D01D002374E2 /* Build configuration list for PBXNativeTarget "ezQuizUITests" */;
			buildPhases = (
				51F2E1571B3E0DC398C186BC /* [CP] Check Pods Manifest.lock */,
				59F9D1D329C3D01C002374E2 /* Sources */,
				59F9D1D429C3D01C002374E2 /* Frameworks */,
				59F9D1D529C3D01C002374E2 /* Resources */,
				E4C3F5122ABDB81F1FA0C84E /* [CP] Embed Pods Frameworks */,
			);
			buildRules = (
			);
			dependencies = (
				59F9D1D929C3D01C002374E2 /* PBXTargetDependency */,
			);
			name = ezQuizUITests;
			productName = ezQuizUITests;
			productReference = 59F9D1D729C3D01C002374E2 /* ezQuizUITests.xctest */;
			productType = "com.apple.product-type.bundle.ui-testing";
		};
/* End PBXNativeTarget section */

/* Begin PBXProject section */
		59F9D1B529C3D013002374E2 /* Project object */ = {
			isa = PBXProject;
			attributes = {
				BuildIndependentTargetsInParallel = 1;
				LastSwiftUpdateCheck = 1420;
				LastUpgradeCheck = 1420;
				TargetAttributes = {
					59F9D1BC29C3D013002374E2 = {
						CreatedOnToolsVersion = 14.2;
					};
					59F9D1CC29C3D01C002374E2 = {
						CreatedOnToolsVersion = 14.2;
						TestTargetID = 59F9D1BC29C3D013002374E2;
					};
					59F9D1D629C3D01C002374E2 = {
						CreatedOnToolsVersion = 14.2;
						TestTargetID = 59F9D1BC29C3D013002374E2;
					};
				};
			};
			buildConfigurationList = 59F9D1B829C3D013002374E2 /* Build configuration list for PBXProject "ezQuiz" */;
			compatibilityVersion = "Xcode 14.0";
			developmentRegion = en;
			hasScannedForEncodings = 0;
			knownRegions = (
				en,
				Base,
			);
			mainGroup = 59F9D1B429C3D013002374E2;
			productRefGroup = 59F9D1BE29C3D014002374E2 /* Products */;
			projectDirPath = "";
			projectRoot = "";
			targets = (
				59F9D1BC29C3D013002374E2 /* ezQuiz */,
				59F9D1CC29C3D01C002374E2 /* ezQuizTests */,
				59F9D1D629C3D01C002374E2 /* ezQuizUITests */,
			);
		};
/* End PBXProject section */

/* Begin PBXResourcesBuildPhase section */
		59F9D1BB29C3D013002374E2 /* Resources */ = {
			isa = PBXResourcesBuildPhase;
			buildActionMask = 2147483647;
			files = (
				59F9D1C829C3D01B002374E2 /* Preview Assets.xcassets in Resources */,
				59F9D1C529C3D01B002374E2 /* Assets.xcassets in Resources */,
			);
			runOnlyForDeploymentPostprocessing = 0;
		};
		59F9D1CB29C3D01C002374E2 /* Resources */ = {
			isa = PBXResourcesBuildPhase;
			buildActionMask = 2147483647;
			files = (
			);
			runOnlyForDeploymentPostprocessing = 0;
		};
		59F9D1D529C3D01C002374E2 /* Resources */ = {
			isa = PBXResourcesBuildPhase;
			buildActionMask = 2147483647;
			files = (
			);
			runOnlyForDeploymentPostprocessing = 0;
		};
/* End PBXResourcesBuildPhase section */

/* Begin PBXShellScriptBuildPhase section */
		10405A093CBC960FA1EEEFBC /* [CP] Embed Pods Frameworks */ = {
			isa = PBXShellScriptBuildPhase;
			buildActionMask = 2147483647;
			files = (
			);
			inputFileListPaths = (
				"${PODS_ROOT}/Target Support Files/Pods-ezQuiz/Pods-ezQuiz-frameworks-${CONFIGURATION}-input-files.xcfilelist",
			);
			name = "[CP] Embed Pods Frameworks";
			outputFileListPaths = (
				"${PODS_ROOT}/Target Support Files/Pods-ezQuiz/Pods-ezQuiz-frameworks-${CONFIGURATION}-output-files.xcfilelist",
			);
			runOnlyForDeploymentPostprocessing = 0;
			shellPath = /bin/sh;
			shellScript = "\"${PODS_ROOT}/Target Support Files/Pods-ezQuiz/Pods-ezQuiz-frameworks.sh\"\n";
			showEnvVarsInLog = 0;
		};
		51D12696FE47980286670EB8 /* [CP] Check Pods Manifest.lock */ = {
			isa = PBXShellScriptBuildPhase;
			buildActionMask = 2147483647;
			files = (
			);
			inputFileListPaths = (
			);
			inputPaths = (
				"${PODS_PODFILE_DIR_PATH}/Podfile.lock",
				"${PODS_ROOT}/Manifest.lock",
			);
			name = "[CP] Check Pods Manifest.lock";
			outputFileListPaths = (
			);
			outputPaths = (
				"$(DERIVED_FILE_DIR)/Pods-ezQuiz-checkManifestLockResult.txt",
			);
			runOnlyForDeploymentPostprocessing = 0;
			shellPath = /bin/sh;
			shellScript = "diff \"${PODS_PODFILE_DIR_PATH}/Podfile.lock\" \"${PODS_ROOT}/Manifest.lock\" > /dev/null\nif [ $? != 0 ] ; then\n    # print error to STDERR\n    echo \"error: The sandbox is not in sync with the Podfile.lock. Run 'pod install' or update your CocoaPods installation.\" >&2\n    exit 1\nfi\n# This output is used by Xcode 'outputs' to avoid re-running this script phase.\necho \"SUCCESS\" > \"${SCRIPT_OUTPUT_FILE_0}\"\n";
			showEnvVarsInLog = 0;
		};
		51F2E1571B3E0DC398C186BC /* [CP] Check Pods Manifest.lock */ = {
			isa = PBXShellScriptBuildPhase;
			buildActionMask = 2147483647;
			files = (
			);
			inputFileListPaths = (
			);
			inputPaths = (
				"${PODS_PODFILE_DIR_PATH}/Podfile.lock",
				"${PODS_ROOT}/Manifest.lock",
			);
			name = "[CP] Check Pods Manifest.lock";
			outputFileListPaths = (
			);
			outputPaths = (
				"$(DERIVED_FILE_DIR)/Pods-ezQuiz-ezQuizUITests-checkManifestLockResult.txt",
			);
			runOnlyForDeploymentPostprocessing = 0;
			shellPath = /bin/sh;
			shellScript = "diff \"${PODS_PODFILE_DIR_PATH}/Podfile.lock\" \"${PODS_ROOT}/Manifest.lock\" > /dev/null\nif [ $? != 0 ] ; then\n    # print error to STDERR\n    echo \"error: The sandbox is not in sync with the Podfile.lock. Run 'pod install' or update your CocoaPods installation.\" >&2\n    exit 1\nfi\n# This output is used by Xcode 'outputs' to avoid re-running this script phase.\necho \"SUCCESS\" > \"${SCRIPT_OUTPUT_FILE_0}\"\n";
			showEnvVarsInLog = 0;
		};
		E4C3F5122ABDB81F1FA0C84E /* [CP] Embed Pods Frameworks */ = {
			isa = PBXShellScriptBuildPhase;
			buildActionMask = 2147483647;
			files = (
			);
			inputFileListPaths = (
				"${PODS_ROOT}/Target Support Files/Pods-ezQuiz-ezQuizUITests/Pods-ezQuiz-ezQuizUITests-frameworks-${CONFIGURATION}-input-files.xcfilelist",
			);
			name = "[CP] Embed Pods Frameworks";
			outputFileListPaths = (
				"${PODS_ROOT}/Target Support Files/Pods-ezQuiz-ezQuizUITests/Pods-ezQuiz-ezQuizUITests-frameworks-${CONFIGURATION}-output-files.xcfilelist",
			);
			runOnlyForDeploymentPostprocessing = 0;
			shellPath = /bin/sh;
			shellScript = "\"${PODS_ROOT}/Target Support Files/Pods-ezQuiz-ezQuizUITests/Pods-ezQuiz-ezQuizUITests-frameworks.sh\"\n";
			showEnvVarsInLog = 0;
		};
		F1E52E464ABBDF28920DF6F0 /* [CP] Check Pods Manifest.lock */ = {
			isa = PBXShellScriptBuildPhase;
			buildActionMask = 2147483647;
			files = (
			);
			inputFileListPaths = (
			);
			inputPaths = (
				"${PODS_PODFILE_DIR_PATH}/Podfile.lock",
				"${PODS_ROOT}/Manifest.lock",
			);
			name = "[CP] Check Pods Manifest.lock";
			outputFileListPaths = (
			);
			outputPaths = (
				"$(DERIVED_FILE_DIR)/Pods-ezQuizTests-checkManifestLockResult.txt",
			);
			runOnlyForDeploymentPostprocessing = 0;
			shellPath = /bin/sh;
			shellScript = "diff \"${PODS_PODFILE_DIR_PATH}/Podfile.lock\" \"${PODS_ROOT}/Manifest.lock\" > /dev/null\nif [ $? != 0 ] ; then\n    # print error to STDERR\n    echo \"error: The sandbox is not in sync with the Podfile.lock. Run 'pod install' or update your CocoaPods installation.\" >&2\n    exit 1\nfi\n# This output is used by Xcode 'outputs' to avoid re-running this script phase.\necho \"SUCCESS\" > \"${SCRIPT_OUTPUT_FILE_0}\"\n";
			showEnvVarsInLog = 0;
		};
/* End PBXShellScriptBuildPhase section */

/* Begin PBXSourcesBuildPhase section */
		59F9D1B929C3D013002374E2 /* Sources */ = {
			isa = PBXSourcesBuildPhase;
			buildActionMask = 2147483647;
			files = (
				59A8D0B629F990A400C75569 /* ScoreboardRouter.swift in Sources */,
				59FDBABF29EA0C7B0012C945 /* Fonts.swift in Sources */,
				59D82F7429EF519C009F72AF /* ProfileView.swift in Sources */,
				5902DF5829E0D08E005046C6 /* FlagsViewModel.swift in Sources */,
				59D90A9129F3D99E00CA80DD /* MenuRouter.swift in Sources */,
				59AF97F429FF203500FF25CF /* ResultsView.swift in Sources */,
				59D90A9829F5EE1D00CA80DD /* ScoreboardView.swift in Sources */,
				59D90A8829F19FDD00CA80DD /* PauseView.swift in Sources */,
				59D82F6929EEE5F4009F72AF /* DifficultyViewModel.swift in Sources */,
				5902DF5E29E0D4AA005046C6 /* Colors.swift in Sources */,
				59D90A8F29F35A1000CA80DD /* ProfileButtonStyle.swift in Sources */,
				59AF97F829FF206E00FF25CF /* ResultsRouter.swift in Sources */,
				59D82F6729EEE5DB009F72AF /* DifficultyView.swift in Sources */,
				59D82F7629EF51BB009F72AF /* ProfileViewModel.swift in Sources */,
				594EEB7A29D63793006F6AC7 /* Difficulties.swift in Sources */,
				59AF97EB29FD6D7900FF25CF /* CoreDataHelper.swift in Sources */,
				59D82F7829EF56CF009F72AF /* User.swift in Sources */,
				5902DF6429E0EC91005046C6 /* QuestionItemModel.swift in Sources */,
				59AF97FA29FF2C4D00FF25CF /* ResultItem.swift in Sources */,
				594EEB8129D63CB4006F6AC7 /* MenuView.swift in Sources */,
				59D82F5B29EDF0C7009F72AF /* UserView.swift in Sources */,
				5902DF5A29E0D0C1005046C6 /* FlagsView.swift in Sources */,
				5902DF6229E0E3DA005046C6 /* FlagsRouter.swift in Sources */,
				59AF97F629FF204200FF25CF /* ResultsViewModel.swift in Sources */,
				59D82F7129EF0DBE009F72AF /* AboutViewModel.swift in Sources */,
				59D82F6029EDF4B2009F72AF /* StartView.swift in Sources */,
				59F9D1C329C3D014002374E2 /* ContentView.swift in Sources */,
				59AF97EF29FE6B4300FF25CF /* GameType.swift in Sources */,
				59FDBABD29E8C1170012C945 /* Paddings.swift in Sources */,
				5902DF6629E16278005046C6 /* Loader.swift in Sources */,
				59F9D1C129C3D014002374E2 /* ezQuizApp.swift in Sources */,
				59AF97F129FE93DB00FF25CF /* TimerView.swift in Sources */,
				59D90A9A29F5EE2D00CA80DD /* ScoreboardViewModel.swift in Sources */,
				594EEB7C29D63A38006F6AC7 /* MenuViewModel.swift in Sources */,
				59D82F6429EDF552009F72AF /* WelcomeViewModel.swift in Sources */,
				59D82F6F29EF0DAF009F72AF /* AboutView.swift in Sources */,
				59D82F7C29EF5D4F009F72AF /* Coordinator.swift in Sources */,
				59D82F7A29EF5C4B009F72AF /* ProfileRouter.swift in Sources */,
				59D90A9329F5216400CA80DD /* DifficultyRouter.swift in Sources */,
				59FDBAB829E779400012C945 /* KingfisherImageLoader.swift in Sources */,
				59D90A8A29F358B400CA80DD /* MainButtonStyle.swift in Sources */,
				594EEB7E29D63BEC006F6AC7 /* MenuViewModelProtocol.swift in Sources */,
				59A8D0BA29FB330900C75569 /* QuizResults.xcdatamodeld in Sources */,
				59D82F6B29EEFD6A009F72AF /* MenuItem.swift in Sources */,
				59D90A9529F5E6AE00CA80DD /* InformationView.swift in Sources */,
				59D82F6229EDF4E5009F72AF /* UserViewModel.swift in Sources */,
				59D82F5E29EDF32F009F72AF /* WelcomeView.swift in Sources */,
			);
			runOnlyForDeploymentPostprocessing = 0;
		};
		59F9D1C929C3D01C002374E2 /* Sources */ = {
			isa = PBXSourcesBuildPhase;
			buildActionMask = 2147483647;
			files = (
				594EEB7629D636AE006F6AC7 /* MenuScreenTests.swift in Sources */,
				5994C3D429DCCD65003F384F /* FlagsScreenTests.swift in Sources */,
				59F9D1D229C3D01C002374E2 /* ezQuizTests.swift in Sources */,
			);
			runOnlyForDeploymentPostprocessing = 0;
		};
		59F9D1D329C3D01C002374E2 /* Sources */ = {
			isa = PBXSourcesBuildPhase;
			buildActionMask = 2147483647;
			files = (
				59F9D1DE29C3D01D002374E2 /* ezQuizUITestsLaunchTests.swift in Sources */,
				59F9D1DC29C3D01D002374E2 /* ezQuizUITests.swift in Sources */,
			);
			runOnlyForDeploymentPostprocessing = 0;
		};
/* End PBXSourcesBuildPhase section */

/* Begin PBXTargetDependency section */
		59F9D1CF29C3D01C002374E2 /* PBXTargetDependency */ = {
			isa = PBXTargetDependency;
			target = 59F9D1BC29C3D013002374E2 /* ezQuiz */;
			targetProxy = 59F9D1CE29C3D01C002374E2 /* PBXContainerItemProxy */;
		};
		59F9D1D929C3D01C002374E2 /* PBXTargetDependency */ = {
			isa = PBXTargetDependency;
			target = 59F9D1BC29C3D013002374E2 /* ezQuiz */;
			targetProxy = 59F9D1D829C3D01C002374E2 /* PBXContainerItemProxy */;
		};
/* End PBXTargetDependency section */

/* Begin XCBuildConfiguration section */
		59F9D1DF29C3D01D002374E2 /* Debug */ = {
			isa = XCBuildConfiguration;
			buildSettings = {
				ALWAYS_SEARCH_USER_PATHS = NO;
				CLANG_ANALYZER_NONNULL = YES;
				CLANG_ANALYZER_NUMBER_OBJECT_CONVERSION = YES_AGGRESSIVE;
				CLANG_CXX_LANGUAGE_STANDARD = "gnu++20";
				CLANG_ENABLE_MODULES = YES;
				CLANG_ENABLE_OBJC_ARC = YES;
				CLANG_ENABLE_OBJC_WEAK = YES;
				CLANG_WARN_BLOCK_CAPTURE_AUTORELEASING = YES;
				CLANG_WARN_BOOL_CONVERSION = YES;
				CLANG_WARN_COMMA = YES;
				CLANG_WARN_CONSTANT_CONVERSION = YES;
				CLANG_WARN_DEPRECATED_OBJC_IMPLEMENTATIONS = YES;
				CLANG_WARN_DIRECT_OBJC_ISA_USAGE = YES_ERROR;
				CLANG_WARN_DOCUMENTATION_COMMENTS = YES;
				CLANG_WARN_EMPTY_BODY = YES;
				CLANG_WARN_ENUM_CONVERSION = YES;
				CLANG_WARN_INFINITE_RECURSION = YES;
				CLANG_WARN_INT_CONVERSION = YES;
				CLANG_WARN_NON_LITERAL_NULL_CONVERSION = YES;
				CLANG_WARN_OBJC_IMPLICIT_RETAIN_SELF = YES;
				CLANG_WARN_OBJC_LITERAL_CONVERSION = YES;
				CLANG_WARN_OBJC_ROOT_CLASS = YES_ERROR;
				CLANG_WARN_QUOTED_INCLUDE_IN_FRAMEWORK_HEADER = YES;
				CLANG_WARN_RANGE_LOOP_ANALYSIS = YES;
				CLANG_WARN_STRICT_PROTOTYPES = YES;
				CLANG_WARN_SUSPICIOUS_MOVE = YES;
				CLANG_WARN_UNGUARDED_AVAILABILITY = YES_AGGRESSIVE;
				CLANG_WARN_UNREACHABLE_CODE = YES;
				CLANG_WARN__DUPLICATE_METHOD_MATCH = YES;
				COPY_PHASE_STRIP = NO;
				DEBUG_INFORMATION_FORMAT = dwarf;
				ENABLE_STRICT_OBJC_MSGSEND = YES;
				ENABLE_TESTABILITY = YES;
				GCC_C_LANGUAGE_STANDARD = gnu11;
				GCC_DYNAMIC_NO_PIC = NO;
				GCC_NO_COMMON_BLOCKS = YES;
				GCC_OPTIMIZATION_LEVEL = 0;
				GCC_PREPROCESSOR_DEFINITIONS = (
					"DEBUG=1",
					"$(inherited)",
				);
				GCC_WARN_64_TO_32_BIT_CONVERSION = YES;
				GCC_WARN_ABOUT_RETURN_TYPE = YES_ERROR;
				GCC_WARN_UNDECLARED_SELECTOR = YES;
				GCC_WARN_UNINITIALIZED_AUTOS = YES_AGGRESSIVE;
				GCC_WARN_UNUSED_FUNCTION = YES;
				GCC_WARN_UNUSED_VARIABLE = YES;
				IPHONEOS_DEPLOYMENT_TARGET = 15.0;
				MTL_ENABLE_DEBUG_INFO = INCLUDE_SOURCE;
				MTL_FAST_MATH = YES;
				ONLY_ACTIVE_ARCH = YES;
				SDKROOT = iphoneos;
				SWIFT_ACTIVE_COMPILATION_CONDITIONS = DEBUG;
				SWIFT_OPTIMIZATION_LEVEL = "-Onone";
			};
			name = Debug;
		};
		59F9D1E029C3D01D002374E2 /* Release */ = {
			isa = XCBuildConfiguration;
			buildSettings = {
				ALWAYS_SEARCH_USER_PATHS = NO;
				CLANG_ANALYZER_NONNULL = YES;
				CLANG_ANALYZER_NUMBER_OBJECT_CONVERSION = YES_AGGRESSIVE;
				CLANG_CXX_LANGUAGE_STANDARD = "gnu++20";
				CLANG_ENABLE_MODULES = YES;
				CLANG_ENABLE_OBJC_ARC = YES;
				CLANG_ENABLE_OBJC_WEAK = YES;
				CLANG_WARN_BLOCK_CAPTURE_AUTORELEASING = YES;
				CLANG_WARN_BOOL_CONVERSION = YES;
				CLANG_WARN_COMMA = YES;
				CLANG_WARN_CONSTANT_CONVERSION = YES;
				CLANG_WARN_DEPRECATED_OBJC_IMPLEMENTATIONS = YES;
				CLANG_WARN_DIRECT_OBJC_ISA_USAGE = YES_ERROR;
				CLANG_WARN_DOCUMENTATION_COMMENTS = YES;
				CLANG_WARN_EMPTY_BODY = YES;
				CLANG_WARN_ENUM_CONVERSION = YES;
				CLANG_WARN_INFINITE_RECURSION = YES;
				CLANG_WARN_INT_CONVERSION = YES;
				CLANG_WARN_NON_LITERAL_NULL_CONVERSION = YES;
				CLANG_WARN_OBJC_IMPLICIT_RETAIN_SELF = YES;
				CLANG_WARN_OBJC_LITERAL_CONVERSION = YES;
				CLANG_WARN_OBJC_ROOT_CLASS = YES_ERROR;
				CLANG_WARN_QUOTED_INCLUDE_IN_FRAMEWORK_HEADER = YES;
				CLANG_WARN_RANGE_LOOP_ANALYSIS = YES;
				CLANG_WARN_STRICT_PROTOTYPES = YES;
				CLANG_WARN_SUSPICIOUS_MOVE = YES;
				CLANG_WARN_UNGUARDED_AVAILABILITY = YES_AGGRESSIVE;
				CLANG_WARN_UNREACHABLE_CODE = YES;
				CLANG_WARN__DUPLICATE_METHOD_MATCH = YES;
				COPY_PHASE_STRIP = NO;
				DEBUG_INFORMATION_FORMAT = "dwarf-with-dsym";
				ENABLE_NS_ASSERTIONS = NO;
				ENABLE_STRICT_OBJC_MSGSEND = YES;
				GCC_C_LANGUAGE_STANDARD = gnu11;
				GCC_NO_COMMON_BLOCKS = YES;
				GCC_WARN_64_TO_32_BIT_CONVERSION = YES;
				GCC_WARN_ABOUT_RETURN_TYPE = YES_ERROR;
				GCC_WARN_UNDECLARED_SELECTOR = YES;
				GCC_WARN_UNINITIALIZED_AUTOS = YES_AGGRESSIVE;
				GCC_WARN_UNUSED_FUNCTION = YES;
				GCC_WARN_UNUSED_VARIABLE = YES;
				IPHONEOS_DEPLOYMENT_TARGET = 15.0;
				MTL_ENABLE_DEBUG_INFO = NO;
				MTL_FAST_MATH = YES;
				SDKROOT = iphoneos;
				SWIFT_COMPILATION_MODE = wholemodule;
				SWIFT_OPTIMIZATION_LEVEL = "-O";
				VALIDATE_PRODUCT = YES;
			};
			name = Release;
		};
		59F9D1E229C3D01D002374E2 /* Debug */ = {
			isa = XCBuildConfiguration;
			baseConfigurationReference = 6F686B3CE54D1BB6C7B871A2 /* Pods-ezQuiz.debug.xcconfig */;
			buildSettings = {
				ASSETCATALOG_COMPILER_APPICON_NAME = AppIcon;
				ASSETCATALOG_COMPILER_GLOBAL_ACCENT_COLOR_NAME = AccentColor;
				CODE_SIGN_STYLE = Automatic;
				CURRENT_PROJECT_VERSION = 1;
				DEVELOPMENT_ASSET_PATHS = "\"ezQuiz/Preview Content\"";
				DEVELOPMENT_TEAM = GR3FLKSKAU;
				ENABLE_PREVIEWS = YES;
				GENERATE_INFOPLIST_FILE = YES;
				INFOPLIST_KEY_CFBundleDisplayName = "Ez flags";
				INFOPLIST_KEY_UIApplicationSceneManifest_Generation = YES;
				INFOPLIST_KEY_UIApplicationSupportsIndirectInputEvents = YES;
				INFOPLIST_KEY_UILaunchScreen_Generation = YES;
				INFOPLIST_KEY_UISupportedInterfaceOrientations_iPad = "UIInterfaceOrientationPortrait UIInterfaceOrientationPortraitUpsideDown UIInterfaceOrientationLandscapeLeft UIInterfaceOrientationLandscapeRight";
				INFOPLIST_KEY_UISupportedInterfaceOrientations_iPhone = "UIInterfaceOrientationPortrait UIInterfaceOrientationLandscapeLeft UIInterfaceOrientationLandscapeRight";
				IPHONEOS_DEPLOYMENT_TARGET = 15.0;
				LD_RUNPATH_SEARCH_PATHS = (
					"$(inherited)",
					"@executable_path/Frameworks",
				);
				MARKETING_VERSION = 1.0;
				PRODUCT_BUNDLE_IDENTIFIER = SeeqMyDuck.ezQuiz;
				PRODUCT_NAME = "$(TARGET_NAME)";
				SWIFT_EMIT_LOC_STRINGS = YES;
				SWIFT_VERSION = 5.0;
				TARGETED_DEVICE_FAMILY = "1,2";
			};
			name = Debug;
		};
		59F9D1E329C3D01D002374E2 /* Release */ = {
			isa = XCBuildConfiguration;
			baseConfigurationReference = 0FDB0FC88621DDDE932F63AC /* Pods-ezQuiz.release.xcconfig */;
			buildSettings = {
				ASSETCATALOG_COMPILER_APPICON_NAME = AppIcon;
				ASSETCATALOG_COMPILER_GLOBAL_ACCENT_COLOR_NAME = AccentColor;
				CODE_SIGN_STYLE = Automatic;
				CURRENT_PROJECT_VERSION = 1;
				DEVELOPMENT_ASSET_PATHS = "\"ezQuiz/Preview Content\"";
				DEVELOPMENT_TEAM = GR3FLKSKAU;
				ENABLE_PREVIEWS = YES;
				GENERATE_INFOPLIST_FILE = YES;
				INFOPLIST_KEY_CFBundleDisplayName = "Ez flags";
				INFOPLIST_KEY_UIApplicationSceneManifest_Generation = YES;
				INFOPLIST_KEY_UIApplicationSupportsIndirectInputEvents = YES;
				INFOPLIST_KEY_UILaunchScreen_Generation = YES;
				INFOPLIST_KEY_UISupportedInterfaceOrientations_iPad = "UIInterfaceOrientationPortrait UIInterfaceOrientationPortraitUpsideDown UIInterfaceOrientationLandscapeLeft UIInterfaceOrientationLandscapeRight";
				INFOPLIST_KEY_UISupportedInterfaceOrientations_iPhone = "UIInterfaceOrientationPortrait UIInterfaceOrientationLandscapeLeft UIInterfaceOrientationLandscapeRight";
				IPHONEOS_DEPLOYMENT_TARGET = 15.0;
				LD_RUNPATH_SEARCH_PATHS = (
					"$(inherited)",
					"@executable_path/Frameworks",
				);
				MARKETING_VERSION = 1.0;
				PRODUCT_BUNDLE_IDENTIFIER = SeeqMyDuck.ezQuiz;
				PRODUCT_NAME = "$(TARGET_NAME)";
				SWIFT_EMIT_LOC_STRINGS = YES;
				SWIFT_VERSION = 5.0;
				TARGETED_DEVICE_FAMILY = "1,2";
			};
			name = Release;
		};
		59F9D1E529C3D01D002374E2 /* Debug */ = {
			isa = XCBuildConfiguration;
			baseConfigurationReference = 19C7DDBC2197A4BEABD86AF1 /* Pods-ezQuizTests.debug.xcconfig */;
			buildSettings = {
				ALWAYS_EMBED_SWIFT_STANDARD_LIBRARIES = YES;
				BUNDLE_LOADER = "$(TEST_HOST)";
				CODE_SIGN_STYLE = Automatic;
				CURRENT_PROJECT_VERSION = 1;
				DEVELOPMENT_TEAM = GR3FLKSKAU;
				GENERATE_INFOPLIST_FILE = YES;
				IPHONEOS_DEPLOYMENT_TARGET = 16.2;
				MARKETING_VERSION = 1.0;
				PRODUCT_BUNDLE_IDENTIFIER = SeeqMyDuck.ezQuizTests;
				PRODUCT_NAME = "$(TARGET_NAME)";
				SWIFT_EMIT_LOC_STRINGS = NO;
				SWIFT_VERSION = 5.0;
				TARGETED_DEVICE_FAMILY = "1,2";
				TEST_HOST = "$(BUILT_PRODUCTS_DIR)/ezQuiz.app/$(BUNDLE_EXECUTABLE_FOLDER_PATH)/ezQuiz";
			};
			name = Debug;
		};
		59F9D1E629C3D01D002374E2 /* Release */ = {
			isa = XCBuildConfiguration;
			baseConfigurationReference = 69DDECBA71EB5F39056FBF38 /* Pods-ezQuizTests.release.xcconfig */;
			buildSettings = {
				ALWAYS_EMBED_SWIFT_STANDARD_LIBRARIES = YES;
				BUNDLE_LOADER = "$(TEST_HOST)";
				CODE_SIGN_STYLE = Automatic;
				CURRENT_PROJECT_VERSION = 1;
				DEVELOPMENT_TEAM = GR3FLKSKAU;
				GENERATE_INFOPLIST_FILE = YES;
				IPHONEOS_DEPLOYMENT_TARGET = 16.2;
				MARKETING_VERSION = 1.0;
				PRODUCT_BUNDLE_IDENTIFIER = SeeqMyDuck.ezQuizTests;
				PRODUCT_NAME = "$(TARGET_NAME)";
				SWIFT_EMIT_LOC_STRINGS = NO;
				SWIFT_VERSION = 5.0;
				TARGETED_DEVICE_FAMILY = "1,2";
				TEST_HOST = "$(BUILT_PRODUCTS_DIR)/ezQuiz.app/$(BUNDLE_EXECUTABLE_FOLDER_PATH)/ezQuiz";
			};
			name = Release;
		};
		59F9D1E829C3D01D002374E2 /* Debug */ = {
			isa = XCBuildConfiguration;
			baseConfigurationReference = 84596FF3DF8982E3F531CCFE /* Pods-ezQuiz-ezQuizUITests.debug.xcconfig */;
			buildSettings = {
				ALWAYS_EMBED_SWIFT_STANDARD_LIBRARIES = YES;
				CODE_SIGN_STYLE = Automatic;
				CURRENT_PROJECT_VERSION = 1;
				DEVELOPMENT_TEAM = GR3FLKSKAU;
				GENERATE_INFOPLIST_FILE = YES;
				MARKETING_VERSION = 1.0;
				PRODUCT_BUNDLE_IDENTIFIER = SeeqMyDuck.ezQuizUITests;
				PRODUCT_NAME = "$(TARGET_NAME)";
				SWIFT_EMIT_LOC_STRINGS = NO;
				SWIFT_VERSION = 5.0;
				TARGETED_DEVICE_FAMILY = "1,2";
				TEST_TARGET_NAME = ezQuiz;
			};
			name = Debug;
		};
		59F9D1E929C3D01D002374E2 /* Release */ = {
			isa = XCBuildConfiguration;
			baseConfigurationReference = 81AA8009BD88FD1B6EB08C0A /* Pods-ezQuiz-ezQuizUITests.release.xcconfig */;
			buildSettings = {
				ALWAYS_EMBED_SWIFT_STANDARD_LIBRARIES = YES;
				CODE_SIGN_STYLE = Automatic;
				CURRENT_PROJECT_VERSION = 1;
				DEVELOPMENT_TEAM = GR3FLKSKAU;
				GENERATE_INFOPLIST_FILE = YES;
				MARKETING_VERSION = 1.0;
				PRODUCT_BUNDLE_IDENTIFIER = SeeqMyDuck.ezQuizUITests;
				PRODUCT_NAME = "$(TARGET_NAME)";
				SWIFT_EMIT_LOC_STRINGS = NO;
				SWIFT_VERSION = 5.0;
				TARGETED_DEVICE_FAMILY = "1,2";
				TEST_TARGET_NAME = ezQuiz;
			};
			name = Release;
		};
/* End XCBuildConfiguration section */

/* Begin XCConfigurationList section */
		59F9D1B829C3D013002374E2 /* Build configuration list for PBXProject "ezQuiz" */ = {
			isa = XCConfigurationList;
			buildConfigurations = (
				59F9D1DF29C3D01D002374E2 /* Debug */,
				59F9D1E029C3D01D002374E2 /* Release */,
			);
			defaultConfigurationIsVisible = 0;
			defaultConfigurationName = Release;
		};
		59F9D1E129C3D01D002374E2 /* Build configuration list for PBXNativeTarget "ezQuiz" */ = {
			isa = XCConfigurationList;
			buildConfigurations = (
				59F9D1E229C3D01D002374E2 /* Debug */,
				59F9D1E329C3D01D002374E2 /* Release */,
			);
			defaultConfigurationIsVisible = 0;
			defaultConfigurationName = Release;
		};
		59F9D1E429C3D01D002374E2 /* Build configuration list for PBXNativeTarget "ezQuizTests" */ = {
			isa = XCConfigurationList;
			buildConfigurations = (
				59F9D1E529C3D01D002374E2 /* Debug */,
				59F9D1E629C3D01D002374E2 /* Release */,
			);
			defaultConfigurationIsVisible = 0;
			defaultConfigurationName = Release;
		};
		59F9D1E729C3D01D002374E2 /* Build configuration list for PBXNativeTarget "ezQuizUITests" */ = {
			isa = XCConfigurationList;
			buildConfigurations = (
				59F9D1E829C3D01D002374E2 /* Debug */,
				59F9D1E929C3D01D002374E2 /* Release */,
			);
			defaultConfigurationIsVisible = 0;
			defaultConfigurationName = Release;
		};
/* End XCConfigurationList section */

/* Begin XCVersionGroup section */
		59A8D0B829FB330800C75569 /* QuizResults.xcdatamodeld */ = {
			isa = XCVersionGroup;
			children = (
				59A8D0B929FB330800C75569 /* QuizResults.xcdatamodel */,
			);
			currentVersion = 59A8D0B929FB330800C75569 /* QuizResults.xcdatamodel */;
			path = QuizResults.xcdatamodeld;
			sourceTree = "<group>";
			versionGroupType = wrapper.xcdatamodel;
		};
/* End XCVersionGroup section */
	};
	rootObject = 59F9D1B529C3D013002374E2 /* Project object */;
}
